// !$*UTF8*$!
{
	archiveVersion = 1;
	classes = {
	};
	objectVersion = 46;
	objects = {

/* Begin PBXBuildFile section */
		EB00A5A81674BA3700AF1978 /* SMPageControl.m in Sources */ = {isa = PBXBuildFile; fileRef = EB00A5A71674BA3700AF1978 /* SMPageControl.m */; };
		EB00A5AC1674D14E00AF1978 /* UUFocusView.m in Sources */ = {isa = PBXBuildFile; fileRef = EB00A5AB1674D14E00AF1978 /* UUFocusView.m */; };
		EB00A5AF1674D2F000AF1978 /* UUBaseVC.m in Sources */ = {isa = PBXBuildFile; fileRef = EB00A5AE1674D2F000AF1978 /* UUBaseVC.m */; };
		EB10E4441667A0FD00F97814 /* UUGoodPolicyVC.m in Sources */ = {isa = PBXBuildFile; fileRef = EB10E4431667A0FD00F97814 /* UUGoodPolicyVC.m */; };
		EB10E4471667A13000F97814 /* UUNewInfoVC.m in Sources */ = {isa = PBXBuildFile; fileRef = EB10E4461667A13000F97814 /* UUNewInfoVC.m */; };
		EB10E44A1667A14A00F97814 /* UUActivityVC.m in Sources */ = {isa = PBXBuildFile; fileRef = EB10E4491667A14A00F97814 /* UUActivityVC.m */; };
		EB10E44D1667A16900F97814 /* UUProjectShowVC.m in Sources */ = {isa = PBXBuildFile; fileRef = EB10E44C1667A16900F97814 /* UUProjectShowVC.m */; };
		EB10E4501667A18C00F97814 /* UUPartnersVC.m in Sources */ = {isa = PBXBuildFile; fileRef = EB10E44F1667A18C00F97814 /* UUPartnersVC.m */; };
		EB10E4531667A19C00F97814 /* UUAboutVC.m in Sources */ = {isa = PBXBuildFile; fileRef = EB10E4521667A19C00F97814 /* UUAboutVC.m */; };
		EB10E4561667A2ED00F97814 /* UUUIHelper.m in Sources */ = {isa = PBXBuildFile; fileRef = EB10E4551667A2ED00F97814 /* UUUIHelper.m */; };
		EB10E4631667AB5E00F97814 /* UUNavigationController.m in Sources */ = {isa = PBXBuildFile; fileRef = EB10E4621667AB5D00F97814 /* UUNavigationController.m */; };
		EB2B7D5B16747716007F4888 /* AJNotificationView.m in Sources */ = {isa = PBXBuildFile; fileRef = EB2B7D5A16747716007F4888 /* AJNotificationView.m */; };
		EB68CC801660F31A00083770 /* UIKit.framework in Frameworks */ = {isa = PBXBuildFile; fileRef = EB68CC7F1660F31A00083770 /* UIKit.framework */; };
		EB68CC821660F31A00083770 /* Foundation.framework in Frameworks */ = {isa = PBXBuildFile; fileRef = EB68CC811660F31A00083770 /* Foundation.framework */; };
		EB68CC841660F31A00083770 /* CoreGraphics.framework in Frameworks */ = {isa = PBXBuildFile; fileRef = EB68CC831660F31A00083770 /* CoreGraphics.framework */; };
		EB68CC8A1660F31A00083770 /* InfoPlist.strings in Resources */ = {isa = PBXBuildFile; fileRef = EB68CC881660F31A00083770 /* InfoPlist.strings */; };
		EB68CC8C1660F31A00083770 /* main.m in Sources */ = {isa = PBXBuildFile; fileRef = EB68CC8B1660F31A00083770 /* main.m */; };
		EB68CC901660F31A00083770 /* UUAppDelegate.m in Sources */ = {isa = PBXBuildFile; fileRef = EB68CC8F1660F31A00083770 /* UUAppDelegate.m */; };
		EBC7D2DD1679FC9000A9BF92 /* EGORefreshTableHeaderView.m in Sources */ = {isa = PBXBuildFile; fileRef = EBC7D2CC1679FC9000A9BF92 /* EGORefreshTableHeaderView.m */; settings = {COMPILER_FLAGS = "-fno-objc-arc"; }; };
		EBC7D2DE1679FC9000A9BF92 /* LoadMoreTableFooterView.m in Sources */ = {isa = PBXBuildFile; fileRef = EBC7D2CE1679FC9000A9BF92 /* LoadMoreTableFooterView.m */; settings = {COMPILER_FLAGS = "-fno-objc-arc"; }; };
		EBC7D2DF1679FC9000A9BF92 /* MessageInterceptor.m in Sources */ = {isa = PBXBuildFile; fileRef = EBC7D2D01679FC9000A9BF92 /* MessageInterceptor.m */; settings = {COMPILER_FLAGS = "-fno-objc-arc"; }; };
		EBC7D2E01679FC9000A9BF92 /* PullTableView.m in Sources */ = {isa = PBXBuildFile; fileRef = EBC7D2D21679FC9000A9BF92 /* PullTableView.m */; settings = {COMPILER_FLAGS = "-fno-objc-arc"; }; };
		EBC7D2E11679FC9000A9BF92 /* blackArrow.png in Resources */ = {isa = PBXBuildFile; fileRef = EBC7D2D41679FC9000A9BF92 /* blackArrow.png */; };
		EBC7D2E21679FC9000A9BF92 /* blackArrow@2x.png in Resources */ = {isa = PBXBuildFile; fileRef = EBC7D2D51679FC9000A9BF92 /* blackArrow@2x.png */; };
		EBC7D2E31679FC9000A9BF92 /* blueArrow.png in Resources */ = {isa = PBXBuildFile; fileRef = EBC7D2D61679FC9000A9BF92 /* blueArrow.png */; };
		EBC7D2E41679FC9000A9BF92 /* blueArrow@2x.png in Resources */ = {isa = PBXBuildFile; fileRef = EBC7D2D71679FC9000A9BF92 /* blueArrow@2x.png */; };
		EBC7D2E51679FC9000A9BF92 /* grayArrow.png in Resources */ = {isa = PBXBuildFile; fileRef = EBC7D2D81679FC9000A9BF92 /* grayArrow.png */; };
		EBC7D2E61679FC9000A9BF92 /* grayArrow@2x.png in Resources */ = {isa = PBXBuildFile; fileRef = EBC7D2D91679FC9000A9BF92 /* grayArrow@2x.png */; };
		EBC7D2E71679FC9000A9BF92 /* Thumbs.db in Resources */ = {isa = PBXBuildFile; fileRef = EBC7D2DA1679FC9000A9BF92 /* Thumbs.db */; };
		EBC7D2E81679FC9000A9BF92 /* whiteArrow.png in Resources */ = {isa = PBXBuildFile; fileRef = EBC7D2DB1679FC9000A9BF92 /* whiteArrow.png */; };
		EBC7D2E91679FC9000A9BF92 /* whiteArrow@2x.png in Resources */ = {isa = PBXBuildFile; fileRef = EBC7D2DC1679FC9000A9BF92 /* whiteArrow@2x.png */; };
		EBC7D304167A21A400A9BF92 /* SDSegmentedControl.m in Sources */ = {isa = PBXBuildFile; fileRef = EBC7D303167A21A400A9BF92 /* SDSegmentedControl.m */; };
		EBC836EF16736E0900EFBAEB /* UUBaseCell.m in Sources */ = {isa = PBXBuildFile; fileRef = EBC836EE16736E0900EFBAEB /* UUBaseCell.m */; };
		EBC836F216736F9B00EFBAEB /* UIColor-Expanded.m in Sources */ = {isa = PBXBuildFile; fileRef = EBC836F116736F9B00EFBAEB /* UIColor-Expanded.m */; };
		EBC836FD1673727D00EFBAEB /* UUImageCell.m in Sources */ = {isa = PBXBuildFile; fileRef = EBC836FC1673727D00EFBAEB /* UUImageCell.m */; };
		EBC8371C16740F6E00EFBAEB /* UUSectionHeaderView.m in Sources */ = {isa = PBXBuildFile; fileRef = EBC8371B16740F6E00EFBAEB /* UUSectionHeaderView.m */; };
		EBC8372F1674592E00EFBAEB /* UIScrollView+SVInfiniteScrolling.m in Sources */ = {isa = PBXBuildFile; fileRef = EBC8372C1674592E00EFBAEB /* UIScrollView+SVInfiniteScrolling.m */; };
		EBC837301674592E00EFBAEB /* UIScrollView+SVPullToRefresh.m in Sources */ = {isa = PBXBuildFile; fileRef = EBC8372E1674592E00EFBAEB /* UIScrollView+SVPullToRefresh.m */; };
		EBC8373316745A8300EFBAEB /* QuartzCore.framework in Frameworks */ = {isa = PBXBuildFile; fileRef = EBC8373116745A6D00EFBAEB /* QuartzCore.framework */; };
		EBD63B281675898600C51C57 /* FZLTHJW.TTF in Resources */ = {isa = PBXBuildFile; fileRef = EBD63AEB1675898600C51C57 /* FZLTHJW.TTF */; };
		EBD63B351675898600C51C57 /* common_title_bgk.png in Resources */ = {isa = PBXBuildFile; fileRef = EBD63AF91675898600C51C57 /* common_title_bgk.png */; };
		EBD63B361675898600C51C57 /* Default-568h@2x.png in Resources */ = {isa = PBXBuildFile; fileRef = EBD63AFA1675898600C51C57 /* Default-568h@2x.png */; };
		EBD63B371675898600C51C57 /* Default.png in Resources */ = {isa = PBXBuildFile; fileRef = EBD63AFB1675898600C51C57 /* Default.png */; };
		EBD63B381675898600C51C57 /* Default@2x.png in Resources */ = {isa = PBXBuildFile; fileRef = EBD63AFC1675898600C51C57 /* Default@2x.png */; };
		EBD63B391675898600C51C57 /* icon_Calendar_normal.png in Resources */ = {isa = PBXBuildFile; fileRef = EBD63AFD1675898600C51C57 /* icon_Calendar_normal.png */; };
		EBD63B3A1675898600C51C57 /* icon_Calendar_normal@2x.png in Resources */ = {isa = PBXBuildFile; fileRef = EBD63AFE1675898600C51C57 /* icon_Calendar_normal@2x.png */; };
		EBD63B3B1675898600C51C57 /* icon_Calendar_prees.png in Resources */ = {isa = PBXBuildFile; fileRef = EBD63AFF1675898600C51C57 /* icon_Calendar_prees.png */; };
		EBD63B3C1675898600C51C57 /* icon_Calendar_prees@2x.png in Resources */ = {isa = PBXBuildFile; fileRef = EBD63B001675898600C51C57 /* icon_Calendar_prees@2x.png */; };
		EBD63B3D1675898600C51C57 /* icon_huoban_normal.png in Resources */ = {isa = PBXBuildFile; fileRef = EBD63B011675898600C51C57 /* icon_huoban_normal.png */; };
		EBD63B3E1675898600C51C57 /* icon_huoban_normal@2x.png in Resources */ = {isa = PBXBuildFile; fileRef = EBD63B021675898600C51C57 /* icon_huoban_normal@2x.png */; };
		EBD63B3F1675898600C51C57 /* icon_huoban_prees.png in Resources */ = {isa = PBXBuildFile; fileRef = EBD63B031675898600C51C57 /* icon_huoban_prees.png */; };
		EBD63B401675898600C51C57 /* icon_huoban_prees@2x.png in Resources */ = {isa = PBXBuildFile; fileRef = EBD63B041675898600C51C57 /* icon_huoban_prees@2x.png */; };
		EBD63B411675898600C51C57 /* icon_me_normal.png in Resources */ = {isa = PBXBuildFile; fileRef = EBD63B051675898600C51C57 /* icon_me_normal.png */; };
		EBD63B421675898600C51C57 /* icon_me_normal@2x.png in Resources */ = {isa = PBXBuildFile; fileRef = EBD63B061675898600C51C57 /* icon_me_normal@2x.png */; };
		EBD63B431675898600C51C57 /* icon_me_prees.png in Resources */ = {isa = PBXBuildFile; fileRef = EBD63B071675898600C51C57 /* icon_me_prees.png */; };
		EBD63B441675898600C51C57 /* icon_me_prees@2x.png in Resources */ = {isa = PBXBuildFile; fileRef = EBD63B081675898600C51C57 /* icon_me_prees@2x.png */; };
		EBD63B451675898600C51C57 /* icon_xiangmu_normal.png in Resources */ = {isa = PBXBuildFile; fileRef = EBD63B091675898600C51C57 /* icon_xiangmu_normal.png */; };
		EBD63B461675898600C51C57 /* icon_xiangmu_normal@2x.png in Resources */ = {isa = PBXBuildFile; fileRef = EBD63B0A1675898600C51C57 /* icon_xiangmu_normal@2x.png */; };
		EBD63B471675898600C51C57 /* icon_xiangmu_prees.png in Resources */ = {isa = PBXBuildFile; fileRef = EBD63B0B1675898600C51C57 /* icon_xiangmu_prees.png */; };
		EBD63B481675898600C51C57 /* icon_xiangmu_prees@2x.png in Resources */ = {isa = PBXBuildFile; fileRef = EBD63B0C1675898600C51C57 /* icon_xiangmu_prees@2x.png */; };
		EBD63B491675898600C51C57 /* icon_zhengce_normal.png in Resources */ = {isa = PBXBuildFile; fileRef = EBD63B0D1675898600C51C57 /* icon_zhengce_normal.png */; };
		EBD63B4A1675898600C51C57 /* icon_zhengce_normal@2x.png in Resources */ = {isa = PBXBuildFile; fileRef = EBD63B0E1675898600C51C57 /* icon_zhengce_normal@2x.png */; };
		EBD63B4B1675898600C51C57 /* icon_zhengce_prees.png in Resources */ = {isa = PBXBuildFile; fileRef = EBD63B0F1675898600C51C57 /* icon_zhengce_prees.png */; };
		EBD63B4C1675898600C51C57 /* icon_zhengce_prees@2x.png in Resources */ = {isa = PBXBuildFile; fileRef = EBD63B101675898600C51C57 /* icon_zhengce_prees@2x.png */; };
		EBD63B4D1675898600C51C57 /* icon_zixun_normal.png in Resources */ = {isa = PBXBuildFile; fileRef = EBD63B111675898600C51C57 /* icon_zixun_normal.png */; };
		EBD63B4E1675898600C51C57 /* icon_zixun_normal@2x.png in Resources */ = {isa = PBXBuildFile; fileRef = EBD63B121675898600C51C57 /* icon_zixun_normal@2x.png */; };
		EBD63B4F1675898600C51C57 /* icon_zixun_prees.png in Resources */ = {isa = PBXBuildFile; fileRef = EBD63B131675898600C51C57 /* icon_zixun_prees.png */; };
		EBD63B501675898600C51C57 /* icon_zixun_prees@2x.png in Resources */ = {isa = PBXBuildFile; fileRef = EBD63B141675898600C51C57 /* icon_zixun_prees@2x.png */; };
		EBD63B511675898600C51C57 /* into_next_normal.png in Resources */ = {isa = PBXBuildFile; fileRef = EBD63B151675898600C51C57 /* into_next_normal.png */; };
		EBD63B521675898600C51C57 /* into_next_normal@2x.png in Resources */ = {isa = PBXBuildFile; fileRef = EBD63B161675898600C51C57 /* into_next_normal@2x.png */; };
		EBD63B531675898600C51C57 /* into_next_press.png in Resources */ = {isa = PBXBuildFile; fileRef = EBD63B171675898600C51C57 /* into_next_press.png */; };
		EBD63B541675898600C51C57 /* into_next_press@2x.png in Resources */ = {isa = PBXBuildFile; fileRef = EBD63B181675898600C51C57 /* into_next_press@2x.png */; };
		EBD63B551675898600C51C57 /* logo_image_default.png in Resources */ = {isa = PBXBuildFile; fileRef = EBD63B191675898600C51C57 /* logo_image_default.png */; };
		EBD63B561675898600C51C57 /* logo_image_default@2x.png in Resources */ = {isa = PBXBuildFile; fileRef = EBD63B1A1675898600C51C57 /* logo_image_default@2x.png */; };
		EBD63B571675898600C51C57 /* navigationbar_bg.png in Resources */ = {isa = PBXBuildFile; fileRef = EBD63B1B1675898600C51C57 /* navigationbar_bg.png */; };
		EBD63B581675898600C51C57 /* navigationbar_bg@2x.png in Resources */ = {isa = PBXBuildFile; fileRef = EBD63B1C1675898600C51C57 /* navigationbar_bg@2x.png */; };
		EBD63B591675898600C51C57 /* navigationbar_btn.png in Resources */ = {isa = PBXBuildFile; fileRef = EBD63B1D1675898600C51C57 /* navigationbar_btn.png */; };
		EBD63B5A1675898600C51C57 /* navigationbar_btn@2x.png in Resources */ = {isa = PBXBuildFile; fileRef = EBD63B1E1675898600C51C57 /* navigationbar_btn@2x.png */; };
		EBD63B5B1675898600C51C57 /* navigationbar_btn_press.png in Resources */ = {isa = PBXBuildFile; fileRef = EBD63B1F1675898600C51C57 /* navigationbar_btn_press.png */; };
		EBD63B5C1675898600C51C57 /* navigationbar_btn_press@2x.png in Resources */ = {isa = PBXBuildFile; fileRef = EBD63B201675898600C51C57 /* navigationbar_btn_press@2x.png */; };
		EBD63B5D1675898600C51C57 /* navigationbar_btn_return.png in Resources */ = {isa = PBXBuildFile; fileRef = EBD63B211675898600C51C57 /* navigationbar_btn_return.png */; };
		EBD63B5E1675898600C51C57 /* navigationbar_btn_return@2x.png in Resources */ = {isa = PBXBuildFile; fileRef = EBD63B221675898600C51C57 /* navigationbar_btn_return@2x.png */; };
		EBD63B5F1675898600C51C57 /* navigationbar_btn_return_press.png in Resources */ = {isa = PBXBuildFile; fileRef = EBD63B231675898600C51C57 /* navigationbar_btn_return_press.png */; };
		EBD63B601675898600C51C57 /* navigationbar_btn_return_press@2x.png in Resources */ = {isa = PBXBuildFile; fileRef = EBD63B241675898600C51C57 /* navigationbar_btn_return_press@2x.png */; };
		EBD63B64167589BB00C51C57 /* logo.png in Resources */ = {isa = PBXBuildFile; fileRef = EBD63B63167589BB00C51C57 /* logo.png */; };
		EBD63B66167589C200C51C57 /* logo@2x.png in Resources */ = {isa = PBXBuildFile; fileRef = EBD63B65167589C200C51C57 /* logo@2x.png */; };
		EBFDFA4F1660F7BB00317ACB /* AFHTTPClient.m in Sources */ = {isa = PBXBuildFile; fileRef = EBFDFA251660F7BB00317ACB /* AFHTTPClient.m */; };
		EBFDFA501660F7BB00317ACB /* AFHTTPRequestOperation.m in Sources */ = {isa = PBXBuildFile; fileRef = EBFDFA271660F7BB00317ACB /* AFHTTPRequestOperation.m */; };
		EBFDFA511660F7BB00317ACB /* AFImageRequestOperation.m in Sources */ = {isa = PBXBuildFile; fileRef = EBFDFA291660F7BB00317ACB /* AFImageRequestOperation.m */; };
		EBFDFA521660F7BB00317ACB /* AFJSONRequestOperation.m in Sources */ = {isa = PBXBuildFile; fileRef = EBFDFA2B1660F7BB00317ACB /* AFJSONRequestOperation.m */; };
		EBFDFA531660F7BB00317ACB /* AFNetworkActivityIndicatorManager.m in Sources */ = {isa = PBXBuildFile; fileRef = EBFDFA2D1660F7BB00317ACB /* AFNetworkActivityIndicatorManager.m */; };
		EBFDFA541660F7BB00317ACB /* AFPropertyListRequestOperation.m in Sources */ = {isa = PBXBuildFile; fileRef = EBFDFA301660F7BB00317ACB /* AFPropertyListRequestOperation.m */; };
		EBFDFA551660F7BB00317ACB /* AFURLConnectionOperation.m in Sources */ = {isa = PBXBuildFile; fileRef = EBFDFA321660F7BB00317ACB /* AFURLConnectionOperation.m */; };
		EBFDFA561660F7BB00317ACB /* AFXMLRequestOperation.m in Sources */ = {isa = PBXBuildFile; fileRef = EBFDFA341660F7BB00317ACB /* AFXMLRequestOperation.m */; };
		EBFDFA571660F7BB00317ACB /* UIImageView+AFNetworking.m in Sources */ = {isa = PBXBuildFile; fileRef = EBFDFA361660F7BB00317ACB /* UIImageView+AFNetworking.m */; };
		EBFDFA581660F7BB00317ACB /* JSONKit.m in Sources */ = {isa = PBXBuildFile; fileRef = EBFDFA391660F7BB00317ACB /* JSONKit.m */; settings = {COMPILER_FLAGS = "-fno-objc-arc"; }; };
		EBFDFA591660F7BB00317ACB /* MKAnnotationView+WebCache.m in Sources */ = {isa = PBXBuildFile; fileRef = EBFDFA3C1660F7BB00317ACB /* MKAnnotationView+WebCache.m */; };
		EBFDFA5A1660F7BB00317ACB /* SDImageCache.m in Sources */ = {isa = PBXBuildFile; fileRef = EBFDFA3E1660F7BB00317ACB /* SDImageCache.m */; };
		EBFDFA5B1660F7BB00317ACB /* SDWebImageDecoder.m in Sources */ = {isa = PBXBuildFile; fileRef = EBFDFA421660F7BB00317ACB /* SDWebImageDecoder.m */; };
		EBFDFA5C1660F7BB00317ACB /* SDWebImageDownloader.m in Sources */ = {isa = PBXBuildFile; fileRef = EBFDFA441660F7BB00317ACB /* SDWebImageDownloader.m */; };
		EBFDFA5D1660F7BB00317ACB /* SDWebImageManager.m in Sources */ = {isa = PBXBuildFile; fileRef = EBFDFA471660F7BB00317ACB /* SDWebImageManager.m */; };
		EBFDFA5E1660F7BB00317ACB /* SDWebImagePrefetcher.m in Sources */ = {isa = PBXBuildFile; fileRef = EBFDFA4A1660F7BB00317ACB /* SDWebImagePrefetcher.m */; };
		EBFDFA5F1660F7BB00317ACB /* UIButton+WebCache.m in Sources */ = {isa = PBXBuildFile; fileRef = EBFDFA4C1660F7BB00317ACB /* UIButton+WebCache.m */; };
		EBFDFA601660F7BB00317ACB /* UIImageView+WebCache.m in Sources */ = {isa = PBXBuildFile; fileRef = EBFDFA4E1660F7BB00317ACB /* UIImageView+WebCache.m */; };
		EBFDFA631660F9EF00317ACB /* ImageIO.framework in Frameworks */ = {isa = PBXBuildFile; fileRef = EBFDFA621660F9EF00317ACB /* ImageIO.framework */; };
		EBFDFA741660FA5600317ACB /* MapKit.framework in Frameworks */ = {isa = PBXBuildFile; fileRef = EBFDFA731660FA5600317ACB /* MapKit.framework */; };
		EBFDFA8F1661051100317ACB /* DDAbstractDatabaseLogger.m in Sources */ = {isa = PBXBuildFile; fileRef = EBFDFA801661051100317ACB /* DDAbstractDatabaseLogger.m */; };
		EBFDFA901661051100317ACB /* DDASLLogger.m in Sources */ = {isa = PBXBuildFile; fileRef = EBFDFA821661051100317ACB /* DDASLLogger.m */; };
		EBFDFA911661051100317ACB /* DDFileLogger.m in Sources */ = {isa = PBXBuildFile; fileRef = EBFDFA841661051100317ACB /* DDFileLogger.m */; };
		EBFDFA921661051100317ACB /* DDLog.m in Sources */ = {isa = PBXBuildFile; fileRef = EBFDFA861661051100317ACB /* DDLog.m */; };
		EBFDFA931661051100317ACB /* DDTTYLogger.m in Sources */ = {isa = PBXBuildFile; fileRef = EBFDFA881661051100317ACB /* DDTTYLogger.m */; };
		EBFDFA941661051100317ACB /* ContextFilterLogFormatter.m in Sources */ = {isa = PBXBuildFile; fileRef = EBFDFA8B1661051100317ACB /* ContextFilterLogFormatter.m */; };
		EBFDFA951661051100317ACB /* DispatchQueueLogFormatter.m in Sources */ = {isa = PBXBuildFile; fileRef = EBFDFA8D1661051100317ACB /* DispatchQueueLogFormatter.m */; };
		EBFDFA961661051100317ACB /* README.txt in Resources */ = {isa = PBXBuildFile; fileRef = EBFDFA8E1661051100317ACB /* README.txt */; };
		EBFDFAA616610F2600317ACB /* UUMainVC.m in Sources */ = {isa = PBXBuildFile; fileRef = EBFDFAA516610F2600317ACB /* UUMainVC.m */; };
		EBFDFAF71661103800317ACB /* UUPage.m in Sources */ = {isa = PBXBuildFile; fileRef = EBFDFAF61661103800317ACB /* UUPage.m */; };
		EBFDFB0616611D6200317ACB /* UUCategory.m in Sources */ = {isa = PBXBuildFile; fileRef = EBFDFB0516611D6200317ACB /* UUCategory.m */; };
		EBFDFB0916611D7400317ACB /* UUPageDataProvider.m in Sources */ = {isa = PBXBuildFile; fileRef = EBFDFB0816611D7400317ACB /* UUPageDataProvider.m */; };
		EBFDFB0C16611D8500317ACB /* UUCategoryDataProvider.m in Sources */ = {isa = PBXBuildFile; fileRef = EBFDFB0B16611D8500317ACB /* UUCategoryDataProvider.m */; };
		EBFDFB2A1661EEA600317ACB /* MBProgressHUD.m in Sources */ = {isa = PBXBuildFile; fileRef = EBFDFB291661EEA600317ACB /* MBProgressHUD.m */; };
/* End PBXBuildFile section */

/* Begin PBXFileReference section */
		EB00A5A61674BA3700AF1978 /* SMPageControl.h */ = {isa = PBXFileReference; fileEncoding = 4; lastKnownFileType = sourcecode.c.h; path = SMPageControl.h; sourceTree = "<group>"; };
		EB00A5A71674BA3700AF1978 /* SMPageControl.m */ = {isa = PBXFileReference; fileEncoding = 4; lastKnownFileType = sourcecode.c.objc; path = SMPageControl.m; sourceTree = "<group>"; };
		EB00A5AA1674D14E00AF1978 /* UUFocusView.h */ = {isa = PBXFileReference; fileEncoding = 4; lastKnownFileType = sourcecode.c.h; path = UUFocusView.h; sourceTree = "<group>"; };
		EB00A5AB1674D14E00AF1978 /* UUFocusView.m */ = {isa = PBXFileReference; fileEncoding = 4; lastKnownFileType = sourcecode.c.objc; path = UUFocusView.m; sourceTree = "<group>"; };
		EB00A5AD1674D2F000AF1978 /* UUBaseVC.h */ = {isa = PBXFileReference; fileEncoding = 4; lastKnownFileType = sourcecode.c.h; path = UUBaseVC.h; sourceTree = "<group>"; };
		EB00A5AE1674D2F000AF1978 /* UUBaseVC.m */ = {isa = PBXFileReference; fileEncoding = 4; lastKnownFileType = sourcecode.c.objc; path = UUBaseVC.m; sourceTree = "<group>"; };
		EB10E4421667A0FD00F97814 /* UUGoodPolicyVC.h */ = {isa = PBXFileReference; fileEncoding = 4; lastKnownFileType = sourcecode.c.h; path = UUGoodPolicyVC.h; sourceTree = "<group>"; };
		EB10E4431667A0FD00F97814 /* UUGoodPolicyVC.m */ = {isa = PBXFileReference; fileEncoding = 4; lastKnownFileType = sourcecode.c.objc; path = UUGoodPolicyVC.m; sourceTree = "<group>"; };
		EB10E4451667A13000F97814 /* UUNewInfoVC.h */ = {isa = PBXFileReference; fileEncoding = 4; lastKnownFileType = sourcecode.c.h; path = UUNewInfoVC.h; sourceTree = "<group>"; };
		EB10E4461667A13000F97814 /* UUNewInfoVC.m */ = {isa = PBXFileReference; fileEncoding = 4; lastKnownFileType = sourcecode.c.objc; path = UUNewInfoVC.m; sourceTree = "<group>"; };
		EB10E4481667A14A00F97814 /* UUActivityVC.h */ = {isa = PBXFileReference; fileEncoding = 4; lastKnownFileType = sourcecode.c.h; path = UUActivityVC.h; sourceTree = "<group>"; };
		EB10E4491667A14A00F97814 /* UUActivityVC.m */ = {isa = PBXFileReference; fileEncoding = 4; lastKnownFileType = sourcecode.c.objc; path = UUActivityVC.m; sourceTree = "<group>"; };
		EB10E44B1667A16900F97814 /* UUProjectShowVC.h */ = {isa = PBXFileReference; fileEncoding = 4; lastKnownFileType = sourcecode.c.h; path = UUProjectShowVC.h; sourceTree = "<group>"; };
		EB10E44C1667A16900F97814 /* UUProjectShowVC.m */ = {isa = PBXFileReference; fileEncoding = 4; lastKnownFileType = sourcecode.c.objc; path = UUProjectShowVC.m; sourceTree = "<group>"; };
		EB10E44E1667A18C00F97814 /* UUPartnersVC.h */ = {isa = PBXFileReference; fileEncoding = 4; lastKnownFileType = sourcecode.c.h; path = UUPartnersVC.h; sourceTree = "<group>"; };
		EB10E44F1667A18C00F97814 /* UUPartnersVC.m */ = {isa = PBXFileReference; fileEncoding = 4; lastKnownFileType = sourcecode.c.objc; path = UUPartnersVC.m; sourceTree = "<group>"; };
		EB10E4511667A19B00F97814 /* UUAboutVC.h */ = {isa = PBXFileReference; fileEncoding = 4; lastKnownFileType = sourcecode.c.h; path = UUAboutVC.h; sourceTree = "<group>"; };
		EB10E4521667A19C00F97814 /* UUAboutVC.m */ = {isa = PBXFileReference; fileEncoding = 4; lastKnownFileType = sourcecode.c.objc; path = UUAboutVC.m; sourceTree = "<group>"; };
		EB10E4541667A2ED00F97814 /* UUUIHelper.h */ = {isa = PBXFileReference; fileEncoding = 4; lastKnownFileType = sourcecode.c.h; path = UUUIHelper.h; sourceTree = "<group>"; };
		EB10E4551667A2ED00F97814 /* UUUIHelper.m */ = {isa = PBXFileReference; fileEncoding = 4; lastKnownFileType = sourcecode.c.objc; path = UUUIHelper.m; sourceTree = "<group>"; };
		EB10E4611667AB5D00F97814 /* UUNavigationController.h */ = {isa = PBXFileReference; fileEncoding = 4; lastKnownFileType = sourcecode.c.h; path = UUNavigationController.h; sourceTree = "<group>"; };
		EB10E4621667AB5D00F97814 /* UUNavigationController.m */ = {isa = PBXFileReference; fileEncoding = 4; lastKnownFileType = sourcecode.c.objc; path = UUNavigationController.m; sourceTree = "<group>"; };
		EB2B7D5916747716007F4888 /* AJNotificationView.h */ = {isa = PBXFileReference; fileEncoding = 4; lastKnownFileType = sourcecode.c.h; path = AJNotificationView.h; sourceTree = "<group>"; };
		EB2B7D5A16747716007F4888 /* AJNotificationView.m */ = {isa = PBXFileReference; fileEncoding = 4; lastKnownFileType = sourcecode.c.objc; path = AJNotificationView.m; sourceTree = "<group>"; };
		EB68CC7B1660F31A00083770 /* ThreeBoard.app */ = {isa = PBXFileReference; explicitFileType = wrapper.application; includeInIndex = 0; path = ThreeBoard.app; sourceTree = BUILT_PRODUCTS_DIR; };
		EB68CC7F1660F31A00083770 /* UIKit.framework */ = {isa = PBXFileReference; lastKnownFileType = wrapper.framework; name = UIKit.framework; path = System/Library/Frameworks/UIKit.framework; sourceTree = SDKROOT; };
		EB68CC811660F31A00083770 /* Foundation.framework */ = {isa = PBXFileReference; lastKnownFileType = wrapper.framework; name = Foundation.framework; path = System/Library/Frameworks/Foundation.framework; sourceTree = SDKROOT; };
		EB68CC831660F31A00083770 /* CoreGraphics.framework */ = {isa = PBXFileReference; lastKnownFileType = wrapper.framework; name = CoreGraphics.framework; path = System/Library/Frameworks/CoreGraphics.framework; sourceTree = SDKROOT; };
		EB68CC871660F31A00083770 /* ThreeBoard-Info.plist */ = {isa = PBXFileReference; lastKnownFileType = text.plist.xml; path = "ThreeBoard-Info.plist"; sourceTree = "<group>"; };
		EB68CC891660F31A00083770 /* en */ = {isa = PBXFileReference; lastKnownFileType = text.plist.strings; name = en; path = en.lproj/InfoPlist.strings; sourceTree = "<group>"; };
		EB68CC8B1660F31A00083770 /* main.m */ = {isa = PBXFileReference; lastKnownFileType = sourcecode.c.objc; path = main.m; sourceTree = "<group>"; };
		EB68CC8D1660F31A00083770 /* ThreeBoard-Prefix.pch */ = {isa = PBXFileReference; lastKnownFileType = sourcecode.c.h; path = "ThreeBoard-Prefix.pch"; sourceTree = "<group>"; };
		EB68CC8E1660F31A00083770 /* UUAppDelegate.h */ = {isa = PBXFileReference; lastKnownFileType = sourcecode.c.h; path = UUAppDelegate.h; sourceTree = "<group>"; };
		EB68CC8F1660F31A00083770 /* UUAppDelegate.m */ = {isa = PBXFileReference; lastKnownFileType = sourcecode.c.objc; path = UUAppDelegate.m; sourceTree = "<group>"; };
		EBC7D2CB1679FC9000A9BF92 /* EGORefreshTableHeaderView.h */ = {isa = PBXFileReference; fileEncoding = 4; lastKnownFileType = sourcecode.c.h; path = EGORefreshTableHeaderView.h; sourceTree = "<group>"; };
		EBC7D2CC1679FC9000A9BF92 /* EGORefreshTableHeaderView.m */ = {isa = PBXFileReference; fileEncoding = 4; lastKnownFileType = sourcecode.c.objc; path = EGORefreshTableHeaderView.m; sourceTree = "<group>"; };
		EBC7D2CD1679FC9000A9BF92 /* LoadMoreTableFooterView.h */ = {isa = PBXFileReference; fileEncoding = 4; lastKnownFileType = sourcecode.c.h; path = LoadMoreTableFooterView.h; sourceTree = "<group>"; };
		EBC7D2CE1679FC9000A9BF92 /* LoadMoreTableFooterView.m */ = {isa = PBXFileReference; fileEncoding = 4; lastKnownFileType = sourcecode.c.objc; path = LoadMoreTableFooterView.m; sourceTree = "<group>"; };
		EBC7D2CF1679FC9000A9BF92 /* MessageInterceptor.h */ = {isa = PBXFileReference; fileEncoding = 4; lastKnownFileType = sourcecode.c.h; path = MessageInterceptor.h; sourceTree = "<group>"; };
		EBC7D2D01679FC9000A9BF92 /* MessageInterceptor.m */ = {isa = PBXFileReference; fileEncoding = 4; lastKnownFileType = sourcecode.c.objc; path = MessageInterceptor.m; sourceTree = "<group>"; };
		EBC7D2D11679FC9000A9BF92 /* PullTableView.h */ = {isa = PBXFileReference; fileEncoding = 4; lastKnownFileType = sourcecode.c.h; path = PullTableView.h; sourceTree = "<group>"; };
		EBC7D2D21679FC9000A9BF92 /* PullTableView.m */ = {isa = PBXFileReference; fileEncoding = 4; lastKnownFileType = sourcecode.c.objc; path = PullTableView.m; sourceTree = "<group>"; };
		EBC7D2D41679FC9000A9BF92 /* blackArrow.png */ = {isa = PBXFileReference; lastKnownFileType = image.png; path = blackArrow.png; sourceTree = "<group>"; };
		EBC7D2D51679FC9000A9BF92 /* blackArrow@2x.png */ = {isa = PBXFileReference; lastKnownFileType = image.png; path = "blackArrow@2x.png"; sourceTree = "<group>"; };
		EBC7D2D61679FC9000A9BF92 /* blueArrow.png */ = {isa = PBXFileReference; lastKnownFileType = image.png; path = blueArrow.png; sourceTree = "<group>"; };
		EBC7D2D71679FC9000A9BF92 /* blueArrow@2x.png */ = {isa = PBXFileReference; lastKnownFileType = image.png; path = "blueArrow@2x.png"; sourceTree = "<group>"; };
		EBC7D2D81679FC9000A9BF92 /* grayArrow.png */ = {isa = PBXFileReference; lastKnownFileType = image.png; path = grayArrow.png; sourceTree = "<group>"; };
		EBC7D2D91679FC9000A9BF92 /* grayArrow@2x.png */ = {isa = PBXFileReference; lastKnownFileType = image.png; path = "grayArrow@2x.png"; sourceTree = "<group>"; };
		EBC7D2DA1679FC9000A9BF92 /* Thumbs.db */ = {isa = PBXFileReference; lastKnownFileType = file; path = Thumbs.db; sourceTree = "<group>"; };
		EBC7D2DB1679FC9000A9BF92 /* whiteArrow.png */ = {isa = PBXFileReference; lastKnownFileType = image.png; path = whiteArrow.png; sourceTree = "<group>"; };
		EBC7D2DC1679FC9000A9BF92 /* whiteArrow@2x.png */ = {isa = PBXFileReference; lastKnownFileType = image.png; path = "whiteArrow@2x.png"; sourceTree = "<group>"; };
		EBC7D302167A21A400A9BF92 /* SDSegmentedControl.h */ = {isa = PBXFileReference; fileEncoding = 4; lastKnownFileType = sourcecode.c.h; path = SDSegmentedControl.h; sourceTree = "<group>"; };
		EBC7D303167A21A400A9BF92 /* SDSegmentedControl.m */ = {isa = PBXFileReference; fileEncoding = 4; lastKnownFileType = sourcecode.c.objc; path = SDSegmentedControl.m; sourceTree = "<group>"; };
		EBC836ED16736E0900EFBAEB /* UUBaseCell.h */ = {isa = PBXFileReference; fileEncoding = 4; lastKnownFileType = sourcecode.c.h; path = UUBaseCell.h; sourceTree = "<group>"; };
		EBC836EE16736E0900EFBAEB /* UUBaseCell.m */ = {isa = PBXFileReference; fileEncoding = 4; lastKnownFileType = sourcecode.c.objc; path = UUBaseCell.m; sourceTree = "<group>"; };
		EBC836F016736F9B00EFBAEB /* UIColor-Expanded.h */ = {isa = PBXFileReference; fileEncoding = 4; lastKnownFileType = sourcecode.c.h; path = "UIColor-Expanded.h"; sourceTree = "<group>"; };
		EBC836F116736F9B00EFBAEB /* UIColor-Expanded.m */ = {isa = PBXFileReference; fileEncoding = 4; lastKnownFileType = sourcecode.c.objc; path = "UIColor-Expanded.m"; sourceTree = "<group>"; };
		EBC836FB1673727D00EFBAEB /* UUImageCell.h */ = {isa = PBXFileReference; fileEncoding = 4; lastKnownFileType = sourcecode.c.h; path = UUImageCell.h; sourceTree = "<group>"; };
		EBC836FC1673727D00EFBAEB /* UUImageCell.m */ = {isa = PBXFileReference; fileEncoding = 4; lastKnownFileType = sourcecode.c.objc; path = UUImageCell.m; sourceTree = "<group>"; };
		EBC8371A16740F6E00EFBAEB /* UUSectionHeaderView.h */ = {isa = PBXFileReference; fileEncoding = 4; lastKnownFileType = sourcecode.c.h; path = UUSectionHeaderView.h; sourceTree = "<group>"; };
		EBC8371B16740F6E00EFBAEB /* UUSectionHeaderView.m */ = {isa = PBXFileReference; fileEncoding = 4; lastKnownFileType = sourcecode.c.objc; path = UUSectionHeaderView.m; sourceTree = "<group>"; };
		EBC8372A1674592E00EFBAEB /* SVPullToRefresh.h */ = {isa = PBXFileReference; fileEncoding = 4; lastKnownFileType = sourcecode.c.h; path = SVPullToRefresh.h; sourceTree = "<group>"; };
		EBC8372B1674592E00EFBAEB /* UIScrollView+SVInfiniteScrolling.h */ = {isa = PBXFileReference; fileEncoding = 4; lastKnownFileType = sourcecode.c.h; path = "UIScrollView+SVInfiniteScrolling.h"; sourceTree = "<group>"; };
		EBC8372C1674592E00EFBAEB /* UIScrollView+SVInfiniteScrolling.m */ = {isa = PBXFileReference; fileEncoding = 4; lastKnownFileType = sourcecode.c.objc; path = "UIScrollView+SVInfiniteScrolling.m"; sourceTree = "<group>"; };
		EBC8372D1674592E00EFBAEB /* UIScrollView+SVPullToRefresh.h */ = {isa = PBXFileReference; fileEncoding = 4; lastKnownFileType = sourcecode.c.h; path = "UIScrollView+SVPullToRefresh.h"; sourceTree = "<group>"; };
		EBC8372E1674592E00EFBAEB /* UIScrollView+SVPullToRefresh.m */ = {isa = PBXFileReference; fileEncoding = 4; lastKnownFileType = sourcecode.c.objc; path = "UIScrollView+SVPullToRefresh.m"; sourceTree = "<group>"; };
		EBC8373116745A6D00EFBAEB /* QuartzCore.framework */ = {isa = PBXFileReference; lastKnownFileType = wrapper.framework; name = QuartzCore.framework; path = System/Library/Frameworks/QuartzCore.framework; sourceTree = SDKROOT; };
		EBD63AEB1675898600C51C57 /* FZLTHJW.TTF */ = {isa = PBXFileReference; lastKnownFileType = file; path = FZLTHJW.TTF; sourceTree = "<group>"; };
		EBD63AF91675898600C51C57 /* common_title_bgk.png */ = {isa = PBXFileReference; lastKnownFileType = image.png; path = common_title_bgk.png; sourceTree = "<group>"; };
		EBD63AFA1675898600C51C57 /* Default-568h@2x.png */ = {isa = PBXFileReference; lastKnownFileType = image.png; path = "Default-568h@2x.png"; sourceTree = "<group>"; };
		EBD63AFB1675898600C51C57 /* Default.png */ = {isa = PBXFileReference; lastKnownFileType = image.png; path = Default.png; sourceTree = "<group>"; };
		EBD63AFC1675898600C51C57 /* Default@2x.png */ = {isa = PBXFileReference; lastKnownFileType = image.png; path = "Default@2x.png"; sourceTree = "<group>"; };
		EBD63AFD1675898600C51C57 /* icon_Calendar_normal.png */ = {isa = PBXFileReference; lastKnownFileType = image.png; path = icon_Calendar_normal.png; sourceTree = "<group>"; };
		EBD63AFE1675898600C51C57 /* icon_Calendar_normal@2x.png */ = {isa = PBXFileReference; lastKnownFileType = image.png; path = "icon_Calendar_normal@2x.png"; sourceTree = "<group>"; };
		EBD63AFF1675898600C51C57 /* icon_Calendar_prees.png */ = {isa = PBXFileReference; lastKnownFileType = image.png; path = icon_Calendar_prees.png; sourceTree = "<group>"; };
		EBD63B001675898600C51C57 /* icon_Calendar_prees@2x.png */ = {isa = PBXFileReference; lastKnownFileType = image.png; path = "icon_Calendar_prees@2x.png"; sourceTree = "<group>"; };
		EBD63B011675898600C51C57 /* icon_huoban_normal.png */ = {isa = PBXFileReference; lastKnownFileType = image.png; path = icon_huoban_normal.png; sourceTree = "<group>"; };
		EBD63B021675898600C51C57 /* icon_huoban_normal@2x.png */ = {isa = PBXFileReference; lastKnownFileType = image.png; path = "icon_huoban_normal@2x.png"; sourceTree = "<group>"; };
		EBD63B031675898600C51C57 /* icon_huoban_prees.png */ = {isa = PBXFileReference; lastKnownFileType = image.png; path = icon_huoban_prees.png; sourceTree = "<group>"; };
		EBD63B041675898600C51C57 /* icon_huoban_prees@2x.png */ = {isa = PBXFileReference; lastKnownFileType = image.png; path = "icon_huoban_prees@2x.png"; sourceTree = "<group>"; };
		EBD63B051675898600C51C57 /* icon_me_normal.png */ = {isa = PBXFileReference; lastKnownFileType = image.png; path = icon_me_normal.png; sourceTree = "<group>"; };
		EBD63B061675898600C51C57 /* icon_me_normal@2x.png */ = {isa = PBXFileReference; lastKnownFileType = image.png; path = "icon_me_normal@2x.png"; sourceTree = "<group>"; };
		EBD63B071675898600C51C57 /* icon_me_prees.png */ = {isa = PBXFileReference; lastKnownFileType = image.png; path = icon_me_prees.png; sourceTree = "<group>"; };
		EBD63B081675898600C51C57 /* icon_me_prees@2x.png */ = {isa = PBXFileReference; lastKnownFileType = image.png; path = "icon_me_prees@2x.png"; sourceTree = "<group>"; };
		EBD63B091675898600C51C57 /* icon_xiangmu_normal.png */ = {isa = PBXFileReference; lastKnownFileType = image.png; path = icon_xiangmu_normal.png; sourceTree = "<group>"; };
		EBD63B0A1675898600C51C57 /* icon_xiangmu_normal@2x.png */ = {isa = PBXFileReference; lastKnownFileType = image.png; path = "icon_xiangmu_normal@2x.png"; sourceTree = "<group>"; };
		EBD63B0B1675898600C51C57 /* icon_xiangmu_prees.png */ = {isa = PBXFileReference; lastKnownFileType = image.png; path = icon_xiangmu_prees.png; sourceTree = "<group>"; };
		EBD63B0C1675898600C51C57 /* icon_xiangmu_prees@2x.png */ = {isa = PBXFileReference; lastKnownFileType = image.png; path = "icon_xiangmu_prees@2x.png"; sourceTree = "<group>"; };
		EBD63B0D1675898600C51C57 /* icon_zhengce_normal.png */ = {isa = PBXFileReference; lastKnownFileType = image.png; path = icon_zhengce_normal.png; sourceTree = "<group>"; };
		EBD63B0E1675898600C51C57 /* icon_zhengce_normal@2x.png */ = {isa = PBXFileReference; lastKnownFileType = image.png; path = "icon_zhengce_normal@2x.png"; sourceTree = "<group>"; };
		EBD63B0F1675898600C51C57 /* icon_zhengce_prees.png */ = {isa = PBXFileReference; lastKnownFileType = image.png; path = icon_zhengce_prees.png; sourceTree = "<group>"; };
		EBD63B101675898600C51C57 /* icon_zhengce_prees@2x.png */ = {isa = PBXFileReference; lastKnownFileType = image.png; path = "icon_zhengce_prees@2x.png"; sourceTree = "<group>"; };
		EBD63B111675898600C51C57 /* icon_zixun_normal.png */ = {isa = PBXFileReference; lastKnownFileType = image.png; path = icon_zixun_normal.png; sourceTree = "<group>"; };
		EBD63B121675898600C51C57 /* icon_zixun_normal@2x.png */ = {isa = PBXFileReference; lastKnownFileType = image.png; path = "icon_zixun_normal@2x.png"; sourceTree = "<group>"; };
		EBD63B131675898600C51C57 /* icon_zixun_prees.png */ = {isa = PBXFileReference; lastKnownFileType = image.png; path = icon_zixun_prees.png; sourceTree = "<group>"; };
		EBD63B141675898600C51C57 /* icon_zixun_prees@2x.png */ = {isa = PBXFileReference; lastKnownFileType = image.png; path = "icon_zixun_prees@2x.png"; sourceTree = "<group>"; };
		EBD63B151675898600C51C57 /* into_next_normal.png */ = {isa = PBXFileReference; lastKnownFileType = image.png; path = into_next_normal.png; sourceTree = "<group>"; };
		EBD63B161675898600C51C57 /* into_next_normal@2x.png */ = {isa = PBXFileReference; lastKnownFileType = image.png; path = "into_next_normal@2x.png"; sourceTree = "<group>"; };
		EBD63B171675898600C51C57 /* into_next_press.png */ = {isa = PBXFileReference; lastKnownFileType = image.png; path = into_next_press.png; sourceTree = "<group>"; };
		EBD63B181675898600C51C57 /* into_next_press@2x.png */ = {isa = PBXFileReference; lastKnownFileType = image.png; path = "into_next_press@2x.png"; sourceTree = "<group>"; };
		EBD63B191675898600C51C57 /* logo_image_default.png */ = {isa = PBXFileReference; lastKnownFileType = image.png; path = logo_image_default.png; sourceTree = "<group>"; };
		EBD63B1A1675898600C51C57 /* logo_image_default@2x.png */ = {isa = PBXFileReference; lastKnownFileType = image.png; path = "logo_image_default@2x.png"; sourceTree = "<group>"; };
		EBD63B1B1675898600C51C57 /* navigationbar_bg.png */ = {isa = PBXFileReference; lastKnownFileType = image.png; path = navigationbar_bg.png; sourceTree = "<group>"; };
		EBD63B1C1675898600C51C57 /* navigationbar_bg@2x.png */ = {isa = PBXFileReference; lastKnownFileType = image.png; path = "navigationbar_bg@2x.png"; sourceTree = "<group>"; };
		EBD63B1D1675898600C51C57 /* navigationbar_btn.png */ = {isa = PBXFileReference; lastKnownFileType = image.png; path = navigationbar_btn.png; sourceTree = "<group>"; };
		EBD63B1E1675898600C51C57 /* navigationbar_btn@2x.png */ = {isa = PBXFileReference; lastKnownFileType = image.png; path = "navigationbar_btn@2x.png"; sourceTree = "<group>"; };
		EBD63B1F1675898600C51C57 /* navigationbar_btn_press.png */ = {isa = PBXFileReference; lastKnownFileType = image.png; path = navigationbar_btn_press.png; sourceTree = "<group>"; };
		EBD63B201675898600C51C57 /* navigationbar_btn_press@2x.png */ = {isa = PBXFileReference; lastKnownFileType = image.png; path = "navigationbar_btn_press@2x.png"; sourceTree = "<group>"; };
		EBD63B211675898600C51C57 /* navigationbar_btn_return.png */ = {isa = PBXFileReference; lastKnownFileType = image.png; path = navigationbar_btn_return.png; sourceTree = "<group>"; };
		EBD63B221675898600C51C57 /* navigationbar_btn_return@2x.png */ = {isa = PBXFileReference; lastKnownFileType = image.png; path = "navigationbar_btn_return@2x.png"; sourceTree = "<group>"; };
		EBD63B231675898600C51C57 /* navigationbar_btn_return_press.png */ = {isa = PBXFileReference; lastKnownFileType = image.png; path = navigationbar_btn_return_press.png; sourceTree = "<group>"; };
		EBD63B241675898600C51C57 /* navigationbar_btn_return_press@2x.png */ = {isa = PBXFileReference; lastKnownFileType = image.png; path = "navigationbar_btn_return_press@2x.png"; sourceTree = "<group>"; };
		EBD63B63167589BB00C51C57 /* logo.png */ = {isa = PBXFileReference; lastKnownFileType = image.png; path = logo.png; sourceTree = "<group>"; };
		EBD63B65167589C200C51C57 /* logo@2x.png */ = {isa = PBXFileReference; lastKnownFileType = image.png; path = "logo@2x.png"; sourceTree = "<group>"; };
		EBD63B6716758B4400C51C57 /* UUPublicDefines.h */ = {isa = PBXFileReference; fileEncoding = 4; lastKnownFileType = sourcecode.c.h; path = UUPublicDefines.h; sourceTree = "<group>"; };
		EBFDFA241660F7BB00317ACB /* AFHTTPClient.h */ = {isa = PBXFileReference; fileEncoding = 4; lastKnownFileType = sourcecode.c.h; path = AFHTTPClient.h; sourceTree = "<group>"; };
		EBFDFA251660F7BB00317ACB /* AFHTTPClient.m */ = {isa = PBXFileReference; fileEncoding = 4; lastKnownFileType = sourcecode.c.objc; path = AFHTTPClient.m; sourceTree = "<group>"; };
		EBFDFA261660F7BB00317ACB /* AFHTTPRequestOperation.h */ = {isa = PBXFileReference; fileEncoding = 4; lastKnownFileType = sourcecode.c.h; path = AFHTTPRequestOperation.h; sourceTree = "<group>"; };
		EBFDFA271660F7BB00317ACB /* AFHTTPRequestOperation.m */ = {isa = PBXFileReference; fileEncoding = 4; lastKnownFileType = sourcecode.c.objc; path = AFHTTPRequestOperation.m; sourceTree = "<group>"; };
		EBFDFA281660F7BB00317ACB /* AFImageRequestOperation.h */ = {isa = PBXFileReference; fileEncoding = 4; lastKnownFileType = sourcecode.c.h; path = AFImageRequestOperation.h; sourceTree = "<group>"; };
		EBFDFA291660F7BB00317ACB /* AFImageRequestOperation.m */ = {isa = PBXFileReference; fileEncoding = 4; lastKnownFileType = sourcecode.c.objc; path = AFImageRequestOperation.m; sourceTree = "<group>"; };
		EBFDFA2A1660F7BB00317ACB /* AFJSONRequestOperation.h */ = {isa = PBXFileReference; fileEncoding = 4; lastKnownFileType = sourcecode.c.h; path = AFJSONRequestOperation.h; sourceTree = "<group>"; };
		EBFDFA2B1660F7BB00317ACB /* AFJSONRequestOperation.m */ = {isa = PBXFileReference; fileEncoding = 4; lastKnownFileType = sourcecode.c.objc; path = AFJSONRequestOperation.m; sourceTree = "<group>"; };
		EBFDFA2C1660F7BB00317ACB /* AFNetworkActivityIndicatorManager.h */ = {isa = PBXFileReference; fileEncoding = 4; lastKnownFileType = sourcecode.c.h; path = AFNetworkActivityIndicatorManager.h; sourceTree = "<group>"; };
		EBFDFA2D1660F7BB00317ACB /* AFNetworkActivityIndicatorManager.m */ = {isa = PBXFileReference; fileEncoding = 4; lastKnownFileType = sourcecode.c.objc; path = AFNetworkActivityIndicatorManager.m; sourceTree = "<group>"; };
		EBFDFA2E1660F7BB00317ACB /* AFNetworking.h */ = {isa = PBXFileReference; fileEncoding = 4; lastKnownFileType = sourcecode.c.h; path = AFNetworking.h; sourceTree = "<group>"; };
		EBFDFA2F1660F7BB00317ACB /* AFPropertyListRequestOperation.h */ = {isa = PBXFileReference; fileEncoding = 4; lastKnownFileType = sourcecode.c.h; path = AFPropertyListRequestOperation.h; sourceTree = "<group>"; };
		EBFDFA301660F7BB00317ACB /* AFPropertyListRequestOperation.m */ = {isa = PBXFileReference; fileEncoding = 4; lastKnownFileType = sourcecode.c.objc; path = AFPropertyListRequestOperation.m; sourceTree = "<group>"; };
		EBFDFA311660F7BB00317ACB /* AFURLConnectionOperation.h */ = {isa = PBXFileReference; fileEncoding = 4; lastKnownFileType = sourcecode.c.h; path = AFURLConnectionOperation.h; sourceTree = "<group>"; };
		EBFDFA321660F7BB00317ACB /* AFURLConnectionOperation.m */ = {isa = PBXFileReference; fileEncoding = 4; lastKnownFileType = sourcecode.c.objc; path = AFURLConnectionOperation.m; sourceTree = "<group>"; };
		EBFDFA331660F7BB00317ACB /* AFXMLRequestOperation.h */ = {isa = PBXFileReference; fileEncoding = 4; lastKnownFileType = sourcecode.c.h; path = AFXMLRequestOperation.h; sourceTree = "<group>"; };
		EBFDFA341660F7BB00317ACB /* AFXMLRequestOperation.m */ = {isa = PBXFileReference; fileEncoding = 4; lastKnownFileType = sourcecode.c.objc; path = AFXMLRequestOperation.m; sourceTree = "<group>"; };
		EBFDFA351660F7BB00317ACB /* UIImageView+AFNetworking.h */ = {isa = PBXFileReference; fileEncoding = 4; lastKnownFileType = sourcecode.c.h; path = "UIImageView+AFNetworking.h"; sourceTree = "<group>"; };
		EBFDFA361660F7BB00317ACB /* UIImageView+AFNetworking.m */ = {isa = PBXFileReference; fileEncoding = 4; lastKnownFileType = sourcecode.c.objc; path = "UIImageView+AFNetworking.m"; sourceTree = "<group>"; };
		EBFDFA381660F7BB00317ACB /* JSONKit.h */ = {isa = PBXFileReference; fileEncoding = 4; lastKnownFileType = sourcecode.c.h; path = JSONKit.h; sourceTree = "<group>"; };
		EBFDFA391660F7BB00317ACB /* JSONKit.m */ = {isa = PBXFileReference; fileEncoding = 4; lastKnownFileType = sourcecode.c.objc; path = JSONKit.m; sourceTree = "<group>"; };
		EBFDFA3B1660F7BB00317ACB /* MKAnnotationView+WebCache.h */ = {isa = PBXFileReference; fileEncoding = 4; lastKnownFileType = sourcecode.c.h; path = "MKAnnotationView+WebCache.h"; sourceTree = "<group>"; };
		EBFDFA3C1660F7BB00317ACB /* MKAnnotationView+WebCache.m */ = {isa = PBXFileReference; fileEncoding = 4; lastKnownFileType = sourcecode.c.objc; path = "MKAnnotationView+WebCache.m"; sourceTree = "<group>"; };
		EBFDFA3D1660F7BB00317ACB /* SDImageCache.h */ = {isa = PBXFileReference; fileEncoding = 4; lastKnownFileType = sourcecode.c.h; path = SDImageCache.h; sourceTree = "<group>"; };
		EBFDFA3E1660F7BB00317ACB /* SDImageCache.m */ = {isa = PBXFileReference; fileEncoding = 4; lastKnownFileType = sourcecode.c.objc; path = SDImageCache.m; sourceTree = "<group>"; };
		EBFDFA3F1660F7BB00317ACB /* SDImageCacheDelegate.h */ = {isa = PBXFileReference; fileEncoding = 4; lastKnownFileType = sourcecode.c.h; path = SDImageCacheDelegate.h; sourceTree = "<group>"; };
		EBFDFA401660F7BB00317ACB /* SDWebImageCompat.h */ = {isa = PBXFileReference; fileEncoding = 4; lastKnownFileType = sourcecode.c.h; path = SDWebImageCompat.h; sourceTree = "<group>"; };
		EBFDFA411660F7BB00317ACB /* SDWebImageDecoder.h */ = {isa = PBXFileReference; fileEncoding = 4; lastKnownFileType = sourcecode.c.h; path = SDWebImageDecoder.h; sourceTree = "<group>"; };
		EBFDFA421660F7BB00317ACB /* SDWebImageDecoder.m */ = {isa = PBXFileReference; fileEncoding = 4; lastKnownFileType = sourcecode.c.objc; path = SDWebImageDecoder.m; sourceTree = "<group>"; };
		EBFDFA431660F7BB00317ACB /* SDWebImageDownloader.h */ = {isa = PBXFileReference; fileEncoding = 4; lastKnownFileType = sourcecode.c.h; path = SDWebImageDownloader.h; sourceTree = "<group>"; };
		EBFDFA441660F7BB00317ACB /* SDWebImageDownloader.m */ = {isa = PBXFileReference; fileEncoding = 4; lastKnownFileType = sourcecode.c.objc; path = SDWebImageDownloader.m; sourceTree = "<group>"; };
		EBFDFA451660F7BB00317ACB /* SDWebImageDownloaderDelegate.h */ = {isa = PBXFileReference; fileEncoding = 4; lastKnownFileType = sourcecode.c.h; path = SDWebImageDownloaderDelegate.h; sourceTree = "<group>"; };
		EBFDFA461660F7BB00317ACB /* SDWebImageManager.h */ = {isa = PBXFileReference; fileEncoding = 4; lastKnownFileType = sourcecode.c.h; path = SDWebImageManager.h; sourceTree = "<group>"; };
		EBFDFA471660F7BB00317ACB /* SDWebImageManager.m */ = {isa = PBXFileReference; fileEncoding = 4; lastKnownFileType = sourcecode.c.objc; path = SDWebImageManager.m; sourceTree = "<group>"; };
		EBFDFA481660F7BB00317ACB /* SDWebImageManagerDelegate.h */ = {isa = PBXFileReference; fileEncoding = 4; lastKnownFileType = sourcecode.c.h; path = SDWebImageManagerDelegate.h; sourceTree = "<group>"; };
		EBFDFA491660F7BB00317ACB /* SDWebImagePrefetcher.h */ = {isa = PBXFileReference; fileEncoding = 4; lastKnownFileType = sourcecode.c.h; path = SDWebImagePrefetcher.h; sourceTree = "<group>"; };
		EBFDFA4A1660F7BB00317ACB /* SDWebImagePrefetcher.m */ = {isa = PBXFileReference; fileEncoding = 4; lastKnownFileType = sourcecode.c.objc; path = SDWebImagePrefetcher.m; sourceTree = "<group>"; };
		EBFDFA4B1660F7BB00317ACB /* UIButton+WebCache.h */ = {isa = PBXFileReference; fileEncoding = 4; lastKnownFileType = sourcecode.c.h; path = "UIButton+WebCache.h"; sourceTree = "<group>"; };
		EBFDFA4C1660F7BB00317ACB /* UIButton+WebCache.m */ = {isa = PBXFileReference; fileEncoding = 4; lastKnownFileType = sourcecode.c.objc; path = "UIButton+WebCache.m"; sourceTree = "<group>"; };
		EBFDFA4D1660F7BB00317ACB /* UIImageView+WebCache.h */ = {isa = PBXFileReference; fileEncoding = 4; lastKnownFileType = sourcecode.c.h; path = "UIImageView+WebCache.h"; sourceTree = "<group>"; };
		EBFDFA4E1660F7BB00317ACB /* UIImageView+WebCache.m */ = {isa = PBXFileReference; fileEncoding = 4; lastKnownFileType = sourcecode.c.objc; path = "UIImageView+WebCache.m"; sourceTree = "<group>"; };
		EBFDFA621660F9EF00317ACB /* ImageIO.framework */ = {isa = PBXFileReference; lastKnownFileType = wrapper.framework; name = ImageIO.framework; path = System/Library/Frameworks/ImageIO.framework; sourceTree = SDKROOT; };
		EBFDFA731660FA5600317ACB /* MapKit.framework */ = {isa = PBXFileReference; lastKnownFileType = wrapper.framework; name = MapKit.framework; path = System/Library/Frameworks/MapKit.framework; sourceTree = SDKROOT; };
		EBFDFA7F1661051100317ACB /* DDAbstractDatabaseLogger.h */ = {isa = PBXFileReference; fileEncoding = 4; lastKnownFileType = sourcecode.c.h; path = DDAbstractDatabaseLogger.h; sourceTree = "<group>"; };
		EBFDFA801661051100317ACB /* DDAbstractDatabaseLogger.m */ = {isa = PBXFileReference; fileEncoding = 4; lastKnownFileType = sourcecode.c.objc; path = DDAbstractDatabaseLogger.m; sourceTree = "<group>"; };
		EBFDFA811661051100317ACB /* DDASLLogger.h */ = {isa = PBXFileReference; fileEncoding = 4; lastKnownFileType = sourcecode.c.h; path = DDASLLogger.h; sourceTree = "<group>"; };
		EBFDFA821661051100317ACB /* DDASLLogger.m */ = {isa = PBXFileReference; fileEncoding = 4; lastKnownFileType = sourcecode.c.objc; path = DDASLLogger.m; sourceTree = "<group>"; };
		EBFDFA831661051100317ACB /* DDFileLogger.h */ = {isa = PBXFileReference; fileEncoding = 4; lastKnownFileType = sourcecode.c.h; path = DDFileLogger.h; sourceTree = "<group>"; };
		EBFDFA841661051100317ACB /* DDFileLogger.m */ = {isa = PBXFileReference; fileEncoding = 4; lastKnownFileType = sourcecode.c.objc; path = DDFileLogger.m; sourceTree = "<group>"; };
		EBFDFA851661051100317ACB /* DDLog.h */ = {isa = PBXFileReference; fileEncoding = 4; lastKnownFileType = sourcecode.c.h; path = DDLog.h; sourceTree = "<group>"; };
		EBFDFA861661051100317ACB /* DDLog.m */ = {isa = PBXFileReference; fileEncoding = 4; lastKnownFileType = sourcecode.c.objc; path = DDLog.m; sourceTree = "<group>"; };
		EBFDFA871661051100317ACB /* DDTTYLogger.h */ = {isa = PBXFileReference; fileEncoding = 4; lastKnownFileType = sourcecode.c.h; path = DDTTYLogger.h; sourceTree = "<group>"; };
		EBFDFA881661051100317ACB /* DDTTYLogger.m */ = {isa = PBXFileReference; fileEncoding = 4; lastKnownFileType = sourcecode.c.objc; path = DDTTYLogger.m; sourceTree = "<group>"; };
		EBFDFA8A1661051100317ACB /* ContextFilterLogFormatter.h */ = {isa = PBXFileReference; fileEncoding = 4; lastKnownFileType = sourcecode.c.h; path = ContextFilterLogFormatter.h; sourceTree = "<group>"; };
		EBFDFA8B1661051100317ACB /* ContextFilterLogFormatter.m */ = {isa = PBXFileReference; fileEncoding = 4; lastKnownFileType = sourcecode.c.objc; path = ContextFilterLogFormatter.m; sourceTree = "<group>"; };
		EBFDFA8C1661051100317ACB /* DispatchQueueLogFormatter.h */ = {isa = PBXFileReference; fileEncoding = 4; lastKnownFileType = sourcecode.c.h; path = DispatchQueueLogFormatter.h; sourceTree = "<group>"; };
		EBFDFA8D1661051100317ACB /* DispatchQueueLogFormatter.m */ = {isa = PBXFileReference; fileEncoding = 4; lastKnownFileType = sourcecode.c.objc; path = DispatchQueueLogFormatter.m; sourceTree = "<group>"; };
		EBFDFA8E1661051100317ACB /* README.txt */ = {isa = PBXFileReference; fileEncoding = 4; lastKnownFileType = text; path = README.txt; sourceTree = "<group>"; };
		EBFDFAA416610F2600317ACB /* UUMainVC.h */ = {isa = PBXFileReference; fileEncoding = 4; lastKnownFileType = sourcecode.c.h; path = UUMainVC.h; sourceTree = "<group>"; };
		EBFDFAA516610F2600317ACB /* UUMainVC.m */ = {isa = PBXFileReference; fileEncoding = 4; lastKnownFileType = sourcecode.c.objc; path = UUMainVC.m; sourceTree = "<group>"; };
		EBFDFAF51661103800317ACB /* UUPage.h */ = {isa = PBXFileReference; fileEncoding = 4; lastKnownFileType = sourcecode.c.h; path = UUPage.h; sourceTree = "<group>"; };
		EBFDFAF61661103800317ACB /* UUPage.m */ = {isa = PBXFileReference; fileEncoding = 4; lastKnownFileType = sourcecode.c.objc; path = UUPage.m; sourceTree = "<group>"; };
		EBFDFB0416611D6200317ACB /* UUCategory.h */ = {isa = PBXFileReference; fileEncoding = 4; lastKnownFileType = sourcecode.c.h; path = UUCategory.h; sourceTree = "<group>"; };
		EBFDFB0516611D6200317ACB /* UUCategory.m */ = {isa = PBXFileReference; fileEncoding = 4; lastKnownFileType = sourcecode.c.objc; path = UUCategory.m; sourceTree = "<group>"; };
		EBFDFB0716611D7400317ACB /* UUPageDataProvider.h */ = {isa = PBXFileReference; fileEncoding = 4; lastKnownFileType = sourcecode.c.h; path = UUPageDataProvider.h; sourceTree = "<group>"; };
		EBFDFB0816611D7400317ACB /* UUPageDataProvider.m */ = {isa = PBXFileReference; fileEncoding = 4; lastKnownFileType = sourcecode.c.objc; path = UUPageDataProvider.m; sourceTree = "<group>"; };
		EBFDFB0A16611D8500317ACB /* UUCategoryDataProvider.h */ = {isa = PBXFileReference; fileEncoding = 4; lastKnownFileType = sourcecode.c.h; path = UUCategoryDataProvider.h; sourceTree = "<group>"; };
		EBFDFB0B16611D8500317ACB /* UUCategoryDataProvider.m */ = {isa = PBXFileReference; fileEncoding = 4; lastKnownFileType = sourcecode.c.objc; path = UUCategoryDataProvider.m; sourceTree = "<group>"; };
		EBFDFB281661EEA600317ACB /* MBProgressHUD.h */ = {isa = PBXFileReference; fileEncoding = 4; lastKnownFileType = sourcecode.c.h; path = MBProgressHUD.h; sourceTree = "<group>"; };
		EBFDFB291661EEA600317ACB /* MBProgressHUD.m */ = {isa = PBXFileReference; fileEncoding = 4; lastKnownFileType = sourcecode.c.objc; path = MBProgressHUD.m; sourceTree = "<group>"; };
/* End PBXFileReference section */

/* Begin PBXFrameworksBuildPhase section */
		EB68CC781660F31A00083770 /* Frameworks */ = {
			isa = PBXFrameworksBuildPhase;
			buildActionMask = 2147483647;
			files = (
				EBC8373316745A8300EFBAEB /* QuartzCore.framework in Frameworks */,
				EBFDFA741660FA5600317ACB /* MapKit.framework in Frameworks */,
				EBFDFA631660F9EF00317ACB /* ImageIO.framework in Frameworks */,
				EB68CC801660F31A00083770 /* UIKit.framework in Frameworks */,
				EB68CC821660F31A00083770 /* Foundation.framework in Frameworks */,
				EB68CC841660F31A00083770 /* CoreGraphics.framework in Frameworks */,
			);
			runOnlyForDeploymentPostprocessing = 0;
		};
/* End PBXFrameworksBuildPhase section */

/* Begin PBXGroup section */
		EB00A5A51674BA3700AF1978 /* SMPageControl */ = {
			isa = PBXGroup;
			children = (
				EB00A5A61674BA3700AF1978 /* SMPageControl.h */,
				EB00A5A71674BA3700AF1978 /* SMPageControl.m */,
			);
			path = SMPageControl;
			sourceTree = "<group>";
		};
		EB2B7D5816747716007F4888 /* AJNotificationView */ = {
			isa = PBXGroup;
			children = (
				EB2B7D5916747716007F4888 /* AJNotificationView.h */,
				EB2B7D5A16747716007F4888 /* AJNotificationView.m */,
			);
			path = AJNotificationView;
			sourceTree = "<group>";
		};
		EB68CC701660F31A00083770 = {
			isa = PBXGroup;
			children = (
				EBD63B65167589C200C51C57 /* logo@2x.png */,
				EBD63B63167589BB00C51C57 /* logo.png */,
				EBFDFA221660F7BB00317ACB /* Libraries */,
				EB68CC851660F31A00083770 /* ThreeBoard */,
				EB68CC7E1660F31A00083770 /* Frameworks */,
				EB68CC7C1660F31A00083770 /* Products */,
			);
			sourceTree = "<group>";
		};
		EB68CC7C1660F31A00083770 /* Products */ = {
			isa = PBXGroup;
			children = (
				EB68CC7B1660F31A00083770 /* ThreeBoard.app */,
			);
			name = Products;
			sourceTree = "<group>";
		};
		EB68CC7E1660F31A00083770 /* Frameworks */ = {
			isa = PBXGroup;
			children = (
				EBC8373116745A6D00EFBAEB /* QuartzCore.framework */,
				EBFDFA731660FA5600317ACB /* MapKit.framework */,
				EBFDFA621660F9EF00317ACB /* ImageIO.framework */,
				EB68CC7F1660F31A00083770 /* UIKit.framework */,
				EB68CC811660F31A00083770 /* Foundation.framework */,
				EB68CC831660F31A00083770 /* CoreGraphics.framework */,
			);
			name = Frameworks;
			sourceTree = "<group>";
		};
		EB68CC851660F31A00083770 /* ThreeBoard */ = {
			isa = PBXGroup;
			children = (
				EBFDFA9716610D8A00317ACB /* Utils */,
				EBFDFA9816610D8A00317ACB /* Controller */,
				EBFDFA9916610D8A00317ACB /* View */,
				EBFDFA9A16610D8A00317ACB /* Model */,
				EBD63AE91675898600C51C57 /* Resources */,
				EB68CC861660F31A00083770 /* Supporting Files */,
				EBD63B6716758B4400C51C57 /* UUPublicDefines.h */,
				EB68CC8E1660F31A00083770 /* UUAppDelegate.h */,
				EB68CC8F1660F31A00083770 /* UUAppDelegate.m */,
			);
			path = ThreeBoard;
			sourceTree = "<group>";
		};
		EB68CC861660F31A00083770 /* Supporting Files */ = {
			isa = PBXGroup;
			children = (
				EB68CC871660F31A00083770 /* ThreeBoard-Info.plist */,
				EB68CC881660F31A00083770 /* InfoPlist.strings */,
				EB68CC8B1660F31A00083770 /* main.m */,
				EB68CC8D1660F31A00083770 /* ThreeBoard-Prefix.pch */,
			);
			name = "Supporting Files";
			sourceTree = "<group>";
		};
		EBC7D2C91679FC9000A9BF92 /* PullRefresh */ = {
			isa = PBXGroup;
			children = (
				EBC7D2CA1679FC9000A9BF92 /* Classes */,
				EBC7D2D31679FC9000A9BF92 /* Resources */,
			);
			path = PullRefresh;
			sourceTree = "<group>";
		};
		EBC7D2CA1679FC9000A9BF92 /* Classes */ = {
			isa = PBXGroup;
			children = (
				EBC7D2CB1679FC9000A9BF92 /* EGORefreshTableHeaderView.h */,
				EBC7D2CC1679FC9000A9BF92 /* EGORefreshTableHeaderView.m */,
				EBC7D2CD1679FC9000A9BF92 /* LoadMoreTableFooterView.h */,
				EBC7D2CE1679FC9000A9BF92 /* LoadMoreTableFooterView.m */,
				EBC7D2CF1679FC9000A9BF92 /* MessageInterceptor.h */,
				EBC7D2D01679FC9000A9BF92 /* MessageInterceptor.m */,
				EBC7D2D11679FC9000A9BF92 /* PullTableView.h */,
				EBC7D2D21679FC9000A9BF92 /* PullTableView.m */,
			);
			path = Classes;
			sourceTree = "<group>";
		};
		EBC7D2D31679FC9000A9BF92 /* Resources */ = {
			isa = PBXGroup;
			children = (
				EBC7D2D41679FC9000A9BF92 /* blackArrow.png */,
				EBC7D2D51679FC9000A9BF92 /* blackArrow@2x.png */,
				EBC7D2D61679FC9000A9BF92 /* blueArrow.png */,
				EBC7D2D71679FC9000A9BF92 /* blueArrow@2x.png */,
				EBC7D2D81679FC9000A9BF92 /* grayArrow.png */,
				EBC7D2D91679FC9000A9BF92 /* grayArrow@2x.png */,
				EBC7D2DA1679FC9000A9BF92 /* Thumbs.db */,
				EBC7D2DB1679FC9000A9BF92 /* whiteArrow.png */,
				EBC7D2DC1679FC9000A9BF92 /* whiteArrow@2x.png */,
			);
			path = Resources;
			sourceTree = "<group>";
		};
		EBC7D301167A21A400A9BF92 /* SDSegmentControl */ = {
			isa = PBXGroup;
			children = (
				EBC7D302167A21A400A9BF92 /* SDSegmentedControl.h */,
				EBC7D303167A21A400A9BF92 /* SDSegmentedControl.m */,
			);
			path = SDSegmentControl;
			sourceTree = "<group>";
		};
		EBC837291674592E00EFBAEB /* SVPullToRefresh */ = {
			isa = PBXGroup;
			children = (
				EBC8372A1674592E00EFBAEB /* SVPullToRefresh.h */,
				EBC8372B1674592E00EFBAEB /* UIScrollView+SVInfiniteScrolling.h */,
				EBC8372C1674592E00EFBAEB /* UIScrollView+SVInfiniteScrolling.m */,
				EBC8372D1674592E00EFBAEB /* UIScrollView+SVPullToRefresh.h */,
				EBC8372E1674592E00EFBAEB /* UIScrollView+SVPullToRefresh.m */,
			);
			path = SVPullToRefresh;
			sourceTree = "<group>";
		};
		EBD63AE91675898600C51C57 /* Resources */ = {
			isa = PBXGroup;
			children = (
				EBD63AEA1675898600C51C57 /* font */,
				EBD63AEC1675898600C51C57 /* images */,
			);
			path = Resources;
			sourceTree = "<group>";
		};
		EBD63AEA1675898600C51C57 /* font */ = {
			isa = PBXGroup;
			children = (
				EBD63AEB1675898600C51C57 /* FZLTHJW.TTF */,
			);
			path = font;
			sourceTree = "<group>";
		};
		EBD63AEC1675898600C51C57 /* images */ = {
			isa = PBXGroup;
			children = (
				EBD63AF91675898600C51C57 /* common_title_bgk.png */,
				EBD63AFA1675898600C51C57 /* Default-568h@2x.png */,
				EBD63AFB1675898600C51C57 /* Default.png */,
				EBD63AFC1675898600C51C57 /* Default@2x.png */,
				EBD63AFD1675898600C51C57 /* icon_Calendar_normal.png */,
				EBD63AFE1675898600C51C57 /* icon_Calendar_normal@2x.png */,
				EBD63AFF1675898600C51C57 /* icon_Calendar_prees.png */,
				EBD63B001675898600C51C57 /* icon_Calendar_prees@2x.png */,
				EBD63B011675898600C51C57 /* icon_huoban_normal.png */,
				EBD63B021675898600C51C57 /* icon_huoban_normal@2x.png */,
				EBD63B031675898600C51C57 /* icon_huoban_prees.png */,
				EBD63B041675898600C51C57 /* icon_huoban_prees@2x.png */,
				EBD63B051675898600C51C57 /* icon_me_normal.png */,
				EBD63B061675898600C51C57 /* icon_me_normal@2x.png */,
				EBD63B071675898600C51C57 /* icon_me_prees.png */,
				EBD63B081675898600C51C57 /* icon_me_prees@2x.png */,
				EBD63B091675898600C51C57 /* icon_xiangmu_normal.png */,
				EBD63B0A1675898600C51C57 /* icon_xiangmu_normal@2x.png */,
				EBD63B0B1675898600C51C57 /* icon_xiangmu_prees.png */,
				EBD63B0C1675898600C51C57 /* icon_xiangmu_prees@2x.png */,
				EBD63B0D1675898600C51C57 /* icon_zhengce_normal.png */,
				EBD63B0E1675898600C51C57 /* icon_zhengce_normal@2x.png */,
				EBD63B0F1675898600C51C57 /* icon_zhengce_prees.png */,
				EBD63B101675898600C51C57 /* icon_zhengce_prees@2x.png */,
				EBD63B111675898600C51C57 /* icon_zixun_normal.png */,
				EBD63B121675898600C51C57 /* icon_zixun_normal@2x.png */,
				EBD63B131675898600C51C57 /* icon_zixun_prees.png */,
				EBD63B141675898600C51C57 /* icon_zixun_prees@2x.png */,
				EBD63B151675898600C51C57 /* into_next_normal.png */,
				EBD63B161675898600C51C57 /* into_next_normal@2x.png */,
				EBD63B171675898600C51C57 /* into_next_press.png */,
				EBD63B181675898600C51C57 /* into_next_press@2x.png */,
				EBD63B191675898600C51C57 /* logo_image_default.png */,
				EBD63B1A1675898600C51C57 /* logo_image_default@2x.png */,
				EBD63B1B1675898600C51C57 /* navigationbar_bg.png */,
				EBD63B1C1675898600C51C57 /* navigationbar_bg@2x.png */,
				EBD63B1D1675898600C51C57 /* navigationbar_btn.png */,
				EBD63B1E1675898600C51C57 /* navigationbar_btn@2x.png */,
				EBD63B1F1675898600C51C57 /* navigationbar_btn_press.png */,
				EBD63B201675898600C51C57 /* navigationbar_btn_press@2x.png */,
				EBD63B211675898600C51C57 /* navigationbar_btn_return.png */,
				EBD63B221675898600C51C57 /* navigationbar_btn_return@2x.png */,
				EBD63B231675898600C51C57 /* navigationbar_btn_return_press.png */,
				EBD63B241675898600C51C57 /* navigationbar_btn_return_press@2x.png */,
			);
			path = images;
			sourceTree = "<group>";
		};
		EBFDFA221660F7BB00317ACB /* Libraries */ = {
			isa = PBXGroup;
			children = (
				EBC7D301167A21A400A9BF92 /* SDSegmentControl */,
				EBC7D2C91679FC9000A9BF92 /* PullRefresh */,
				EB00A5A51674BA3700AF1978 /* SMPageControl */,
				EB2B7D5816747716007F4888 /* AJNotificationView */,
				EBC837291674592E00EFBAEB /* SVPullToRefresh */,
				EBFDFB271661EEA600317ACB /* MBProgressHUD */,
				EBFDFA7E1661051100317ACB /* Lumberjack */,
				EBFDFA231660F7BB00317ACB /* AFNetworking */,
				EBFDFA371660F7BB00317ACB /* JSONKit */,
				EBFDFA3A1660F7BB00317ACB /* SDWebImage */,
			);
			path = Libraries;
			sourceTree = "<group>";
		};
		EBFDFA231660F7BB00317ACB /* AFNetworking */ = {
			isa = PBXGroup;
			children = (
				EBFDFA241660F7BB00317ACB /* AFHTTPClient.h */,
				EBFDFA251660F7BB00317ACB /* AFHTTPClient.m */,
				EBFDFA261660F7BB00317ACB /* AFHTTPRequestOperation.h */,
				EBFDFA271660F7BB00317ACB /* AFHTTPRequestOperation.m */,
				EBFDFA281660F7BB00317ACB /* AFImageRequestOperation.h */,
				EBFDFA291660F7BB00317ACB /* AFImageRequestOperation.m */,
				EBFDFA2A1660F7BB00317ACB /* AFJSONRequestOperation.h */,
				EBFDFA2B1660F7BB00317ACB /* AFJSONRequestOperation.m */,
				EBFDFA2C1660F7BB00317ACB /* AFNetworkActivityIndicatorManager.h */,
				EBFDFA2D1660F7BB00317ACB /* AFNetworkActivityIndicatorManager.m */,
				EBFDFA2E1660F7BB00317ACB /* AFNetworking.h */,
				EBFDFA2F1660F7BB00317ACB /* AFPropertyListRequestOperation.h */,
				EBFDFA301660F7BB00317ACB /* AFPropertyListRequestOperation.m */,
				EBFDFA311660F7BB00317ACB /* AFURLConnectionOperation.h */,
				EBFDFA321660F7BB00317ACB /* AFURLConnectionOperation.m */,
				EBFDFA331660F7BB00317ACB /* AFXMLRequestOperation.h */,
				EBFDFA341660F7BB00317ACB /* AFXMLRequestOperation.m */,
				EBFDFA351660F7BB00317ACB /* UIImageView+AFNetworking.h */,
				EBFDFA361660F7BB00317ACB /* UIImageView+AFNetworking.m */,
			);
			path = AFNetworking;
			sourceTree = "<group>";
		};
		EBFDFA371660F7BB00317ACB /* JSONKit */ = {
			isa = PBXGroup;
			children = (
				EBFDFA381660F7BB00317ACB /* JSONKit.h */,
				EBFDFA391660F7BB00317ACB /* JSONKit.m */,
			);
			path = JSONKit;
			sourceTree = "<group>";
		};
		EBFDFA3A1660F7BB00317ACB /* SDWebImage */ = {
			isa = PBXGroup;
			children = (
				EBFDFA3B1660F7BB00317ACB /* MKAnnotationView+WebCache.h */,
				EBFDFA3C1660F7BB00317ACB /* MKAnnotationView+WebCache.m */,
				EBFDFA3D1660F7BB00317ACB /* SDImageCache.h */,
				EBFDFA3E1660F7BB00317ACB /* SDImageCache.m */,
				EBFDFA3F1660F7BB00317ACB /* SDImageCacheDelegate.h */,
				EBFDFA401660F7BB00317ACB /* SDWebImageCompat.h */,
				EBFDFA411660F7BB00317ACB /* SDWebImageDecoder.h */,
				EBFDFA421660F7BB00317ACB /* SDWebImageDecoder.m */,
				EBFDFA431660F7BB00317ACB /* SDWebImageDownloader.h */,
				EBFDFA441660F7BB00317ACB /* SDWebImageDownloader.m */,
				EBFDFA451660F7BB00317ACB /* SDWebImageDownloaderDelegate.h */,
				EBFDFA461660F7BB00317ACB /* SDWebImageManager.h */,
				EBFDFA471660F7BB00317ACB /* SDWebImageManager.m */,
				EBFDFA481660F7BB00317ACB /* SDWebImageManagerDelegate.h */,
				EBFDFA491660F7BB00317ACB /* SDWebImagePrefetcher.h */,
				EBFDFA4A1660F7BB00317ACB /* SDWebImagePrefetcher.m */,
				EBFDFA4B1660F7BB00317ACB /* UIButton+WebCache.h */,
				EBFDFA4C1660F7BB00317ACB /* UIButton+WebCache.m */,
				EBFDFA4D1660F7BB00317ACB /* UIImageView+WebCache.h */,
				EBFDFA4E1660F7BB00317ACB /* UIImageView+WebCache.m */,
			);
			path = SDWebImage;
			sourceTree = "<group>";
		};
		EBFDFA7E1661051100317ACB /* Lumberjack */ = {
			isa = PBXGroup;
			children = (
				EBFDFA7F1661051100317ACB /* DDAbstractDatabaseLogger.h */,
				EBFDFA801661051100317ACB /* DDAbstractDatabaseLogger.m */,
				EBFDFA811661051100317ACB /* DDASLLogger.h */,
				EBFDFA821661051100317ACB /* DDASLLogger.m */,
				EBFDFA831661051100317ACB /* DDFileLogger.h */,
				EBFDFA841661051100317ACB /* DDFileLogger.m */,
				EBFDFA851661051100317ACB /* DDLog.h */,
				EBFDFA861661051100317ACB /* DDLog.m */,
				EBFDFA871661051100317ACB /* DDTTYLogger.h */,
				EBFDFA881661051100317ACB /* DDTTYLogger.m */,
				EBFDFA891661051100317ACB /* Extensions */,
			);
			path = Lumberjack;
			sourceTree = "<group>";
		};
		EBFDFA891661051100317ACB /* Extensions */ = {
			isa = PBXGroup;
			children = (
				EBFDFA8A1661051100317ACB /* ContextFilterLogFormatter.h */,
				EBFDFA8B1661051100317ACB /* ContextFilterLogFormatter.m */,
				EBFDFA8C1661051100317ACB /* DispatchQueueLogFormatter.h */,
				EBFDFA8D1661051100317ACB /* DispatchQueueLogFormatter.m */,
				EBFDFA8E1661051100317ACB /* README.txt */,
			);
			path = Extensions;
			sourceTree = "<group>";
		};
		EBFDFA9716610D8A00317ACB /* Utils */ = {
			isa = PBXGroup;
			children = (
				EBC836F016736F9B00EFBAEB /* UIColor-Expanded.h */,
				EBC836F116736F9B00EFBAEB /* UIColor-Expanded.m */,
				EB10E4541667A2ED00F97814 /* UUUIHelper.h */,
				EB10E4551667A2ED00F97814 /* UUUIHelper.m */,
			);
			path = Utils;
			sourceTree = "<group>";
		};
		EBFDFA9816610D8A00317ACB /* Controller */ = {
			isa = PBXGroup;
			children = (
				EBFDFAA416610F2600317ACB /* UUMainVC.h */,
				EBFDFAA516610F2600317ACB /* UUMainVC.m */,
				EB10E4421667A0FD00F97814 /* UUGoodPolicyVC.h */,
				EB10E4431667A0FD00F97814 /* UUGoodPolicyVC.m */,
				EB10E4451667A13000F97814 /* UUNewInfoVC.h */,
				EB10E4461667A13000F97814 /* UUNewInfoVC.m */,
				EB10E4481667A14A00F97814 /* UUActivityVC.h */,
				EB10E4491667A14A00F97814 /* UUActivityVC.m */,
				EB10E44B1667A16900F97814 /* UUProjectShowVC.h */,
				EB10E44C1667A16900F97814 /* UUProjectShowVC.m */,
				EB10E44E1667A18C00F97814 /* UUPartnersVC.h */,
				EB10E44F1667A18C00F97814 /* UUPartnersVC.m */,
				EB10E4511667A19B00F97814 /* UUAboutVC.h */,
				EB10E4521667A19C00F97814 /* UUAboutVC.m */,
				EB10E4611667AB5D00F97814 /* UUNavigationController.h */,
				EB10E4621667AB5D00F97814 /* UUNavigationController.m */,
				EB00A5AD1674D2F000AF1978 /* UUBaseVC.h */,
				EB00A5AE1674D2F000AF1978 /* UUBaseVC.m */,
			);
			path = Controller;
			sourceTree = "<group>";
		};
		EBFDFA9916610D8A00317ACB /* View */ = {
			isa = PBXGroup;
			children = (
				EBC836ED16736E0900EFBAEB /* UUBaseCell.h */,
				EBC836EE16736E0900EFBAEB /* UUBaseCell.m */,
				EBC836FB1673727D00EFBAEB /* UUImageCell.h */,
				EBC836FC1673727D00EFBAEB /* UUImageCell.m */,
				EBC8371A16740F6E00EFBAEB /* UUSectionHeaderView.h */,
				EBC8371B16740F6E00EFBAEB /* UUSectionHeaderView.m */,
				EB00A5AA1674D14E00AF1978 /* UUFocusView.h */,
				EB00A5AB1674D14E00AF1978 /* UUFocusView.m */,
			);
			path = View;
			sourceTree = "<group>";
		};
		EBFDFA9A16610D8A00317ACB /* Model */ = {
			isa = PBXGroup;
			children = (
				EBFDFAF51661103800317ACB /* UUPage.h */,
				EBFDFAF61661103800317ACB /* UUPage.m */,
				EBFDFB0416611D6200317ACB /* UUCategory.h */,
				EBFDFB0516611D6200317ACB /* UUCategory.m */,
				EBFDFB0716611D7400317ACB /* UUPageDataProvider.h */,
				EBFDFB0816611D7400317ACB /* UUPageDataProvider.m */,
				EBFDFB0A16611D8500317ACB /* UUCategoryDataProvider.h */,
				EBFDFB0B16611D8500317ACB /* UUCategoryDataProvider.m */,
			);
			path = Model;
			sourceTree = "<group>";
		};
		EBFDFB271661EEA600317ACB /* MBProgressHUD */ = {
			isa = PBXGroup;
			children = (
				EBFDFB281661EEA600317ACB /* MBProgressHUD.h */,
				EBFDFB291661EEA600317ACB /* MBProgressHUD.m */,
			);
			path = MBProgressHUD;
			sourceTree = "<group>";
		};
/* End PBXGroup section */

/* Begin PBXNativeTarget section */
		EB68CC7A1660F31A00083770 /* ThreeBoard */ = {
			isa = PBXNativeTarget;
			buildConfigurationList = EB68CC9F1660F31A00083770 /* Build configuration list for PBXNativeTarget "ThreeBoard" */;
			buildPhases = (
				EB68CC771660F31A00083770 /* Sources */,
				EB68CC781660F31A00083770 /* Frameworks */,
				EB68CC791660F31A00083770 /* Resources */,
			);
			buildRules = (
			);
			dependencies = (
			);
			name = ThreeBoard;
			productName = ThreeBoard;
			productReference = EB68CC7B1660F31A00083770 /* ThreeBoard.app */;
			productType = "com.apple.product-type.application";
		};
/* End PBXNativeTarget section */

/* Begin PBXProject section */
		EB68CC721660F31A00083770 /* Project object */ = {
			isa = PBXProject;
			attributes = {
				CLASSPREFIX = UU;
				LastUpgradeCheck = 0450;
				ORGANIZATIONNAME = garyliu;
			};
			buildConfigurationList = EB68CC751660F31A00083770 /* Build configuration list for PBXProject "ThreeBoard" */;
			compatibilityVersion = "Xcode 3.2";
			developmentRegion = English;
			hasScannedForEncodings = 0;
			knownRegions = (
				en,
			);
			mainGroup = EB68CC701660F31A00083770;
			productRefGroup = EB68CC7C1660F31A00083770 /* Products */;
			projectDirPath = "";
			projectRoot = "";
			targets = (
				EB68CC7A1660F31A00083770 /* ThreeBoard */,
			);
		};
/* End PBXProject section */

/* Begin PBXResourcesBuildPhase section */
		EB68CC791660F31A00083770 /* Resources */ = {
			isa = PBXResourcesBuildPhase;
			buildActionMask = 2147483647;
			files = (
				EB68CC8A1660F31A00083770 /* InfoPlist.strings in Resources */,
				EBFDFA961661051100317ACB /* README.txt in Resources */,
				EBD63B281675898600C51C57 /* FZLTHJW.TTF in Resources */,
				EBD63B351675898600C51C57 /* common_title_bgk.png in Resources */,
				EBD63B361675898600C51C57 /* Default-568h@2x.png in Resources */,
				EBD63B371675898600C51C57 /* Default.png in Resources */,
				EBD63B381675898600C51C57 /* Default@2x.png in Resources */,
				EBD63B391675898600C51C57 /* icon_Calendar_normal.png in Resources */,
				EBD63B3A1675898600C51C57 /* icon_Calendar_normal@2x.png in Resources */,
				EBD63B3B1675898600C51C57 /* icon_Calendar_prees.png in Resources */,
				EBD63B3C1675898600C51C57 /* icon_Calendar_prees@2x.png in Resources */,
				EBD63B3D1675898600C51C57 /* icon_huoban_normal.png in Resources */,
				EBD63B3E1675898600C51C57 /* icon_huoban_normal@2x.png in Resources */,
				EBD63B3F1675898600C51C57 /* icon_huoban_prees.png in Resources */,
				EBD63B401675898600C51C57 /* icon_huoban_prees@2x.png in Resources */,
				EBD63B411675898600C51C57 /* icon_me_normal.png in Resources */,
				EBD63B421675898600C51C57 /* icon_me_normal@2x.png in Resources */,
				EBD63B431675898600C51C57 /* icon_me_prees.png in Resources */,
				EBD63B441675898600C51C57 /* icon_me_prees@2x.png in Resources */,
				EBD63B451675898600C51C57 /* icon_xiangmu_normal.png in Resources */,
				EBD63B461675898600C51C57 /* icon_xiangmu_normal@2x.png in Resources */,
				EBD63B471675898600C51C57 /* icon_xiangmu_prees.png in Resources */,
				EBD63B481675898600C51C57 /* icon_xiangmu_prees@2x.png in Resources */,
				EBD63B491675898600C51C57 /* icon_zhengce_normal.png in Resources */,
				EBD63B4A1675898600C51C57 /* icon_zhengce_normal@2x.png in Resources */,
				EBD63B4B1675898600C51C57 /* icon_zhengce_prees.png in Resources */,
				EBD63B4C1675898600C51C57 /* icon_zhengce_prees@2x.png in Resources */,
				EBD63B4D1675898600C51C57 /* icon_zixun_normal.png in Resources */,
				EBD63B4E1675898600C51C57 /* icon_zixun_normal@2x.png in Resources */,
				EBD63B4F1675898600C51C57 /* icon_zixun_prees.png in Resources */,
				EBD63B501675898600C51C57 /* icon_zixun_prees@2x.png in Resources */,
				EBD63B511675898600C51C57 /* into_next_normal.png in Resources */,
				EBD63B521675898600C51C57 /* into_next_normal@2x.png in Resources */,
				EBD63B531675898600C51C57 /* into_next_press.png in Resources */,
				EBD63B541675898600C51C57 /* into_next_press@2x.png in Resources */,
				EBD63B551675898600C51C57 /* logo_image_default.png in Resources */,
				EBD63B561675898600C51C57 /* logo_image_default@2x.png in Resources */,
				EBD63B571675898600C51C57 /* navigationbar_bg.png in Resources */,
				EBD63B581675898600C51C57 /* navigationbar_bg@2x.png in Resources */,
				EBD63B591675898600C51C57 /* navigationbar_btn.png in Resources */,
				EBD63B5A1675898600C51C57 /* navigationbar_btn@2x.png in Resources */,
				EBD63B5B1675898600C51C57 /* navigationbar_btn_press.png in Resources */,
				EBD63B5C1675898600C51C57 /* navigationbar_btn_press@2x.png in Resources */,
				EBD63B5D1675898600C51C57 /* navigationbar_btn_return.png in Resources */,
				EBD63B5E1675898600C51C57 /* navigationbar_btn_return@2x.png in Resources */,
				EBD63B5F1675898600C51C57 /* navigationbar_btn_return_press.png in Resources */,
				EBD63B601675898600C51C57 /* navigationbar_btn_return_press@2x.png in Resources */,
				EBD63B64167589BB00C51C57 /* logo.png in Resources */,
				EBD63B66167589C200C51C57 /* logo@2x.png in Resources */,
				EBC7D2E11679FC9000A9BF92 /* blackArrow.png in Resources */,
				EBC7D2E21679FC9000A9BF92 /* blackArrow@2x.png in Resources */,
				EBC7D2E31679FC9000A9BF92 /* blueArrow.png in Resources */,
				EBC7D2E41679FC9000A9BF92 /* blueArrow@2x.png in Resources */,
				EBC7D2E51679FC9000A9BF92 /* grayArrow.png in Resources */,
				EBC7D2E61679FC9000A9BF92 /* grayArrow@2x.png in Resources */,
				EBC7D2E71679FC9000A9BF92 /* Thumbs.db in Resources */,
				EBC7D2E81679FC9000A9BF92 /* whiteArrow.png in Resources */,
				EBC7D2E91679FC9000A9BF92 /* whiteArrow@2x.png in Resources */,
			);
			runOnlyForDeploymentPostprocessing = 0;
		};
/* End PBXResourcesBuildPhase section */

/* Begin PBXSourcesBuildPhase section */
		EB68CC771660F31A00083770 /* Sources */ = {
			isa = PBXSourcesBuildPhase;
			buildActionMask = 2147483647;
			files = (
				EB68CC8C1660F31A00083770 /* main.m in Sources */,
				EB68CC901660F31A00083770 /* UUAppDelegate.m in Sources */,
				EBFDFA4F1660F7BB00317ACB /* AFHTTPClient.m in Sources */,
				EBFDFA501660F7BB00317ACB /* AFHTTPRequestOperation.m in Sources */,
				EBFDFA511660F7BB00317ACB /* AFImageRequestOperation.m in Sources */,
				EBFDFA521660F7BB00317ACB /* AFJSONRequestOperation.m in Sources */,
				EBFDFA531660F7BB00317ACB /* AFNetworkActivityIndicatorManager.m in Sources */,
				EBFDFA541660F7BB00317ACB /* AFPropertyListRequestOperation.m in Sources */,
				EBFDFA551660F7BB00317ACB /* AFURLConnectionOperation.m in Sources */,
				EBFDFA561660F7BB00317ACB /* AFXMLRequestOperation.m in Sources */,
				EBFDFA571660F7BB00317ACB /* UIImageView+AFNetworking.m in Sources */,
				EBFDFA581660F7BB00317ACB /* JSONKit.m in Sources */,
				EBFDFA591660F7BB00317ACB /* MKAnnotationView+WebCache.m in Sources */,
				EBFDFA5A1660F7BB00317ACB /* SDImageCache.m in Sources */,
				EBFDFA5B1660F7BB00317ACB /* SDWebImageDecoder.m in Sources */,
				EBFDFA5C1660F7BB00317ACB /* SDWebImageDownloader.m in Sources */,
				EBFDFA5D1660F7BB00317ACB /* SDWebImageManager.m in Sources */,
				EBFDFA5E1660F7BB00317ACB /* SDWebImagePrefetcher.m in Sources */,
				EBFDFA5F1660F7BB00317ACB /* UIButton+WebCache.m in Sources */,
				EBFDFA601660F7BB00317ACB /* UIImageView+WebCache.m in Sources */,
				EBFDFA8F1661051100317ACB /* DDAbstractDatabaseLogger.m in Sources */,
				EBFDFA901661051100317ACB /* DDASLLogger.m in Sources */,
				EBFDFA911661051100317ACB /* DDFileLogger.m in Sources */,
				EBFDFA921661051100317ACB /* DDLog.m in Sources */,
				EBFDFA931661051100317ACB /* DDTTYLogger.m in Sources */,
				EBFDFA941661051100317ACB /* ContextFilterLogFormatter.m in Sources */,
				EBFDFA951661051100317ACB /* DispatchQueueLogFormatter.m in Sources */,
				EBFDFAA616610F2600317ACB /* UUMainVC.m in Sources */,
				EBFDFAF71661103800317ACB /* UUPage.m in Sources */,
				EBFDFB0616611D6200317ACB /* UUCategory.m in Sources */,
				EBFDFB0916611D7400317ACB /* UUPageDataProvider.m in Sources */,
				EBFDFB0C16611D8500317ACB /* UUCategoryDataProvider.m in Sources */,
				EBFDFB2A1661EEA600317ACB /* MBProgressHUD.m in Sources */,
				EB10E4441667A0FD00F97814 /* UUGoodPolicyVC.m in Sources */,
				EB10E4471667A13000F97814 /* UUNewInfoVC.m in Sources */,
				EB10E44A1667A14A00F97814 /* UUActivityVC.m in Sources */,
				EB10E44D1667A16900F97814 /* UUProjectShowVC.m in Sources */,
				EB10E4501667A18C00F97814 /* UUPartnersVC.m in Sources */,
				EB10E4531667A19C00F97814 /* UUAboutVC.m in Sources */,
				EB10E4561667A2ED00F97814 /* UUUIHelper.m in Sources */,
				EB10E4631667AB5E00F97814 /* UUNavigationController.m in Sources */,
				EBC836EF16736E0900EFBAEB /* UUBaseCell.m in Sources */,
				EBC836F216736F9B00EFBAEB /* UIColor-Expanded.m in Sources */,
				EBC836FD1673727D00EFBAEB /* UUImageCell.m in Sources */,
				EBC8371C16740F6E00EFBAEB /* UUSectionHeaderView.m in Sources */,
				EBC8372F1674592E00EFBAEB /* UIScrollView+SVInfiniteScrolling.m in Sources */,
				EBC837301674592E00EFBAEB /* UIScrollView+SVPullToRefresh.m in Sources */,
				EB2B7D5B16747716007F4888 /* AJNotificationView.m in Sources */,
				EB00A5A81674BA3700AF1978 /* SMPageControl.m in Sources */,
				EB00A5AC1674D14E00AF1978 /* UUFocusView.m in Sources */,
				EB00A5AF1674D2F000AF1978 /* UUBaseVC.m in Sources */,
				EBC7D2DD1679FC9000A9BF92 /* EGORefreshTableHeaderView.m in Sources */,
				EBC7D2DE1679FC9000A9BF92 /* LoadMoreTableFooterView.m in Sources */,
				EBC7D2DF1679FC9000A9BF92 /* MessageInterceptor.m in Sources */,
				EBC7D2E01679FC9000A9BF92 /* PullTableView.m in Sources */,
				EBC7D304167A21A400A9BF92 /* SDSegmentedControl.m in Sources */,
			);
			runOnlyForDeploymentPostprocessing = 0;
		};
/* End PBXSourcesBuildPhase section */

/* Begin PBXVariantGroup section */
		EB68CC881660F31A00083770 /* InfoPlist.strings */ = {
			isa = PBXVariantGroup;
			children = (
				EB68CC891660F31A00083770 /* en */,
			);
			name = InfoPlist.strings;
			sourceTree = "<group>";
		};
/* End PBXVariantGroup section */

/* Begin XCBuildConfiguration section */
		EB68CC9D1660F31A00083770 /* Debug */ = {
			isa = XCBuildConfiguration;
			buildSettings = {
				ALWAYS_SEARCH_USER_PATHS = NO;
				CLANG_CXX_LANGUAGE_STANDARD = "gnu++0x";
				CLANG_CXX_LIBRARY = "libc++";
				CLANG_ENABLE_OBJC_ARC = YES;
				CLANG_WARN_EMPTY_BODY = YES;
				CLANG_WARN__DUPLICATE_METHOD_MATCH = YES;
				"CODE_SIGN_IDENTITY[sdk=iphoneos*]" = "iPhone Developer";
				COPY_PHASE_STRIP = NO;
				GCC_C_LANGUAGE_STANDARD = gnu99;
				GCC_DYNAMIC_NO_PIC = NO;
				GCC_OPTIMIZATION_LEVEL = 0;
				GCC_PREPROCESSOR_DEFINITIONS = (
					"DEBUG=1",
					"$(inherited)",
				);
				GCC_SYMBOLS_PRIVATE_EXTERN = NO;
				GCC_WARN_ABOUT_RETURN_TYPE = YES;
				GCC_WARN_UNINITIALIZED_AUTOS = YES;
				GCC_WARN_UNUSED_VARIABLE = YES;
				IPHONEOS_DEPLOYMENT_TARGET = 5.0;
				SDKROOT = iphoneos;
			};
			name = Debug;
		};
		EB68CC9E1660F31A00083770 /* Release */ = {
			isa = XCBuildConfiguration;
			buildSettings = {
				ALWAYS_SEARCH_USER_PATHS = NO;
				CLANG_CXX_LANGUAGE_STANDARD = "gnu++0x";
				CLANG_CXX_LIBRARY = "libc++";
				CLANG_ENABLE_OBJC_ARC = YES;
				CLANG_WARN_EMPTY_BODY = YES;
				CLANG_WARN__DUPLICATE_METHOD_MATCH = YES;
				"CODE_SIGN_IDENTITY[sdk=iphoneos*]" = "iPhone Developer";
				COPY_PHASE_STRIP = YES;
				GCC_C_LANGUAGE_STANDARD = gnu99;
				GCC_WARN_ABOUT_RETURN_TYPE = YES;
				GCC_WARN_UNINITIALIZED_AUTOS = YES;
				GCC_WARN_UNUSED_VARIABLE = YES;
				IPHONEOS_DEPLOYMENT_TARGET = 5.0;
				OTHER_CFLAGS = "-DNS_BLOCK_ASSERTIONS=1";
				SDKROOT = iphoneos;
				VALIDATE_PRODUCT = YES;
			};
			name = Release;
		};
		EB68CCA01660F31A00083770 /* Debug */ = {
			isa = XCBuildConfiguration;
			buildSettings = {
				GCC_PRECOMPILE_PREFIX_HEADER = YES;
				GCC_PREFIX_HEADER = "ThreeBoard/ThreeBoard-Prefix.pch";
				INFOPLIST_FILE = "ThreeBoard/ThreeBoard-Info.plist";
				IPHONEOS_DEPLOYMENT_TARGET = 5.0;
				PRODUCT_NAME = "$(TARGET_NAME)";
				WRAPPER_EXTENSION = app;
			};
			name = Debug;
		};
		EB68CCA11660F31A00083770 /* Release */ = {
			isa = XCBuildConfiguration;
			buildSettings = {
				GCC_PRECOMPILE_PREFIX_HEADER = YES;
				GCC_PREFIX_HEADER = "ThreeBoard/ThreeBoard-Prefix.pch";
				INFOPLIST_FILE = "ThreeBoard/ThreeBoard-Info.plist";
				IPHONEOS_DEPLOYMENT_TARGET = 5.0;
				PRODUCT_NAME = "$(TARGET_NAME)";
				WRAPPER_EXTENSION = app;
			};
			name = Release;
		};
/* End XCBuildConfiguration section */

/* Begin XCConfigurationList section */
		EB68CC751660F31A00083770 /* Build configuration list for PBXProject "ThreeBoard" */ = {
			isa = XCConfigurationList;
			buildConfigurations = (
				EB68CC9D1660F31A00083770 /* Debug */,
				EB68CC9E1660F31A00083770 /* Release */,
			);
			defaultConfigurationIsVisible = 0;
			defaultConfigurationName = Release;
		};
		EB68CC9F1660F31A00083770 /* Build configuration list for PBXNativeTarget "ThreeBoard" */ = {
			isa = XCConfigurationList;
			buildConfigurations = (
				EB68CCA01660F31A00083770 /* Debug */,
				EB68CCA11660F31A00083770 /* Release */,
			);
			defaultConfigurationIsVisible = 0;
			defaultConfigurationName = Release;
		};
/* End XCConfigurationList section */
	};
	rootObject = EB68CC721660F31A00083770 /* Project object */;
}
