// !$*UTF8*$!
{
	archiveVersion = 1;
	classes = {
	};
	objectVersion = 46;
	objects = {

/* Begin PBXBuildFile section */
		EB68CC801660F31A00083770 /* UIKit.framework in Frameworks */ = {isa = PBXBuildFile; fileRef = EB68CC7F1660F31A00083770 /* UIKit.framework */; };
		EB68CC821660F31A00083770 /* Foundation.framework in Frameworks */ = {isa = PBXBuildFile; fileRef = EB68CC811660F31A00083770 /* Foundation.framework */; };
		EB68CC841660F31A00083770 /* CoreGraphics.framework in Frameworks */ = {isa = PBXBuildFile; fileRef = EB68CC831660F31A00083770 /* CoreGraphics.framework */; };
		EB68CC8A1660F31A00083770 /* InfoPlist.strings in Resources */ = {isa = PBXBuildFile; fileRef = EB68CC881660F31A00083770 /* InfoPlist.strings */; };
		EB68CC8C1660F31A00083770 /* main.m in Sources */ = {isa = PBXBuildFile; fileRef = EB68CC8B1660F31A00083770 /* main.m */; };
		EB68CC901660F31A00083770 /* UUAppDelegate.m in Sources */ = {isa = PBXBuildFile; fileRef = EB68CC8F1660F31A00083770 /* UUAppDelegate.m */; };
		EB68CC921660F31A00083770 /* Default.png in Resources */ = {isa = PBXBuildFile; fileRef = EB68CC911660F31A00083770 /* Default.png */; };
		EB68CC941660F31A00083770 /* Default@2x.png in Resources */ = {isa = PBXBuildFile; fileRef = EB68CC931660F31A00083770 /* Default@2x.png */; };
		EB68CC961660F31A00083770 /* Default-568h@2x.png in Resources */ = {isa = PBXBuildFile; fileRef = EB68CC951660F31A00083770 /* Default-568h@2x.png */; };
		EBFDFA4F1660F7BB00317ACB /* AFHTTPClient.m in Sources */ = {isa = PBXBuildFile; fileRef = EBFDFA251660F7BB00317ACB /* AFHTTPClient.m */; };
		EBFDFA501660F7BB00317ACB /* AFHTTPRequestOperation.m in Sources */ = {isa = PBXBuildFile; fileRef = EBFDFA271660F7BB00317ACB /* AFHTTPRequestOperation.m */; };
		EBFDFA511660F7BB00317ACB /* AFImageRequestOperation.m in Sources */ = {isa = PBXBuildFile; fileRef = EBFDFA291660F7BB00317ACB /* AFImageRequestOperation.m */; };
		EBFDFA521660F7BB00317ACB /* AFJSONRequestOperation.m in Sources */ = {isa = PBXBuildFile; fileRef = EBFDFA2B1660F7BB00317ACB /* AFJSONRequestOperation.m */; };
		EBFDFA531660F7BB00317ACB /* AFNetworkActivityIndicatorManager.m in Sources */ = {isa = PBXBuildFile; fileRef = EBFDFA2D1660F7BB00317ACB /* AFNetworkActivityIndicatorManager.m */; };
		EBFDFA541660F7BB00317ACB /* AFPropertyListRequestOperation.m in Sources */ = {isa = PBXBuildFile; fileRef = EBFDFA301660F7BB00317ACB /* AFPropertyListRequestOperation.m */; };
		EBFDFA551660F7BB00317ACB /* AFURLConnectionOperation.m in Sources */ = {isa = PBXBuildFile; fileRef = EBFDFA321660F7BB00317ACB /* AFURLConnectionOperation.m */; };
		EBFDFA561660F7BB00317ACB /* AFXMLRequestOperation.m in Sources */ = {isa = PBXBuildFile; fileRef = EBFDFA341660F7BB00317ACB /* AFXMLRequestOperation.m */; };
		EBFDFA571660F7BB00317ACB /* UIImageView+AFNetworking.m in Sources */ = {isa = PBXBuildFile; fileRef = EBFDFA361660F7BB00317ACB /* UIImageView+AFNetworking.m */; };
		EBFDFA581660F7BB00317ACB /* JSONKit.m in Sources */ = {isa = PBXBuildFile; fileRef = EBFDFA391660F7BB00317ACB /* JSONKit.m */; settings = {COMPILER_FLAGS = "-fno-objc-arc"; }; };
		EBFDFA591660F7BB00317ACB /* MKAnnotationView+WebCache.m in Sources */ = {isa = PBXBuildFile; fileRef = EBFDFA3C1660F7BB00317ACB /* MKAnnotationView+WebCache.m */; };
		EBFDFA5A1660F7BB00317ACB /* SDImageCache.m in Sources */ = {isa = PBXBuildFile; fileRef = EBFDFA3E1660F7BB00317ACB /* SDImageCache.m */; };
		EBFDFA5B1660F7BB00317ACB /* SDWebImageDecoder.m in Sources */ = {isa = PBXBuildFile; fileRef = EBFDFA421660F7BB00317ACB /* SDWebImageDecoder.m */; };
		EBFDFA5C1660F7BB00317ACB /* SDWebImageDownloader.m in Sources */ = {isa = PBXBuildFile; fileRef = EBFDFA441660F7BB00317ACB /* SDWebImageDownloader.m */; };
		EBFDFA5D1660F7BB00317ACB /* SDWebImageManager.m in Sources */ = {isa = PBXBuildFile; fileRef = EBFDFA471660F7BB00317ACB /* SDWebImageManager.m */; };
		EBFDFA5E1660F7BB00317ACB /* SDWebImagePrefetcher.m in Sources */ = {isa = PBXBuildFile; fileRef = EBFDFA4A1660F7BB00317ACB /* SDWebImagePrefetcher.m */; };
		EBFDFA5F1660F7BB00317ACB /* UIButton+WebCache.m in Sources */ = {isa = PBXBuildFile; fileRef = EBFDFA4C1660F7BB00317ACB /* UIButton+WebCache.m */; };
		EBFDFA601660F7BB00317ACB /* UIImageView+WebCache.m in Sources */ = {isa = PBXBuildFile; fileRef = EBFDFA4E1660F7BB00317ACB /* UIImageView+WebCache.m */; };
		EBFDFA631660F9EF00317ACB /* ImageIO.framework in Frameworks */ = {isa = PBXBuildFile; fileRef = EBFDFA621660F9EF00317ACB /* ImageIO.framework */; };
		EBFDFA741660FA5600317ACB /* MapKit.framework in Frameworks */ = {isa = PBXBuildFile; fileRef = EBFDFA731660FA5600317ACB /* MapKit.framework */; };
		EBFDFA8F1661051100317ACB /* DDAbstractDatabaseLogger.m in Sources */ = {isa = PBXBuildFile; fileRef = EBFDFA801661051100317ACB /* DDAbstractDatabaseLogger.m */; };
		EBFDFA901661051100317ACB /* DDASLLogger.m in Sources */ = {isa = PBXBuildFile; fileRef = EBFDFA821661051100317ACB /* DDASLLogger.m */; };
		EBFDFA911661051100317ACB /* DDFileLogger.m in Sources */ = {isa = PBXBuildFile; fileRef = EBFDFA841661051100317ACB /* DDFileLogger.m */; };
		EBFDFA921661051100317ACB /* DDLog.m in Sources */ = {isa = PBXBuildFile; fileRef = EBFDFA861661051100317ACB /* DDLog.m */; };
		EBFDFA931661051100317ACB /* DDTTYLogger.m in Sources */ = {isa = PBXBuildFile; fileRef = EBFDFA881661051100317ACB /* DDTTYLogger.m */; };
		EBFDFA941661051100317ACB /* ContextFilterLogFormatter.m in Sources */ = {isa = PBXBuildFile; fileRef = EBFDFA8B1661051100317ACB /* ContextFilterLogFormatter.m */; };
		EBFDFA951661051100317ACB /* DispatchQueueLogFormatter.m in Sources */ = {isa = PBXBuildFile; fileRef = EBFDFA8D1661051100317ACB /* DispatchQueueLogFormatter.m */; };
		EBFDFA961661051100317ACB /* README.txt in Resources */ = {isa = PBXBuildFile; fileRef = EBFDFA8E1661051100317ACB /* README.txt */; };
		EBFDFAA616610F2600317ACB /* UUMainVC.m in Sources */ = {isa = PBXBuildFile; fileRef = EBFDFAA516610F2600317ACB /* UUMainVC.m */; };
		EBFDFAF71661103800317ACB /* UUPage.m in Sources */ = {isa = PBXBuildFile; fileRef = EBFDFAF61661103800317ACB /* UUPage.m */; };
		EBFDFB0616611D6200317ACB /* UUCategory.m in Sources */ = {isa = PBXBuildFile; fileRef = EBFDFB0516611D6200317ACB /* UUCategory.m */; };
		EBFDFB0916611D7400317ACB /* UUPageDataProvider.m in Sources */ = {isa = PBXBuildFile; fileRef = EBFDFB0816611D7400317ACB /* UUPageDataProvider.m */; };
		EBFDFB0C16611D8500317ACB /* UUCategoryDataProvider.m in Sources */ = {isa = PBXBuildFile; fileRef = EBFDFB0B16611D8500317ACB /* UUCategoryDataProvider.m */; };
		EBFDFB0F16611DD900317ACB /* UUGoodPolicyVC.m in Sources */ = {isa = PBXBuildFile; fileRef = EBFDFB0E16611DD900317ACB /* UUGoodPolicyVC.m */; };
		EBFDFB1216611DED00317ACB /* UUNewInfoVC.m in Sources */ = {isa = PBXBuildFile; fileRef = EBFDFB1116611DED00317ACB /* UUNewInfoVC.m */; };
		EBFDFB1516611E0400317ACB /* UUActivityVC.m in Sources */ = {isa = PBXBuildFile; fileRef = EBFDFB1416611E0400317ACB /* UUActivityVC.m */; };
		EBFDFB1816611E1800317ACB /* UUProjectShowVC.m in Sources */ = {isa = PBXBuildFile; fileRef = EBFDFB1716611E1800317ACB /* UUProjectShowVC.m */; };
		EBFDFB1B16611E4100317ACB /* UUPartnersVC.m in Sources */ = {isa = PBXBuildFile; fileRef = EBFDFB1A16611E4100317ACB /* UUPartnersVC.m */; };
		EBFDFB1E16611E7400317ACB /* UUAboutVC.m in Sources */ = {isa = PBXBuildFile; fileRef = EBFDFB1D16611E7300317ACB /* UUAboutVC.m */; };
		EBFDFB2A1661EEA600317ACB /* MBProgressHUD.m in Sources */ = {isa = PBXBuildFile; fileRef = EBFDFB291661EEA600317ACB /* MBProgressHUD.m */; };
/* End PBXBuildFile section */

/* Begin PBXFileReference section */
		EB68CC7B1660F31A00083770 /* ThreeBoard.app */ = {isa = PBXFileReference; explicitFileType = wrapper.application; includeInIndex = 0; path = ThreeBoard.app; sourceTree = BUILT_PRODUCTS_DIR; };
		EB68CC7F1660F31A00083770 /* UIKit.framework */ = {isa = PBXFileReference; lastKnownFileType = wrapper.framework; name = UIKit.framework; path = System/Library/Frameworks/UIKit.framework; sourceTree = SDKROOT; };
		EB68CC811660F31A00083770 /* Foundation.framework */ = {isa = PBXFileReference; lastKnownFileType = wrapper.framework; name = Foundation.framework; path = System/Library/Frameworks/Foundation.framework; sourceTree = SDKROOT; };
		EB68CC831660F31A00083770 /* CoreGraphics.framework */ = {isa = PBXFileReference; lastKnownFileType = wrapper.framework; name = CoreGraphics.framework; path = System/Library/Frameworks/CoreGraphics.framework; sourceTree = SDKROOT; };
		EB68CC871660F31A00083770 /* ThreeBoard-Info.plist */ = {isa = PBXFileReference; lastKnownFileType = text.plist.xml; path = "ThreeBoard-Info.plist"; sourceTree = "<group>"; };
		EB68CC891660F31A00083770 /* en */ = {isa = PBXFileReference; lastKnownFileType = text.plist.strings; name = en; path = en.lproj/InfoPlist.strings; sourceTree = "<group>"; };
		EB68CC8B1660F31A00083770 /* main.m */ = {isa = PBXFileReference; lastKnownFileType = sourcecode.c.objc; path = main.m; sourceTree = "<group>"; };
		EB68CC8D1660F31A00083770 /* ThreeBoard-Prefix.pch */ = {isa = PBXFileReference; lastKnownFileType = sourcecode.c.h; path = "ThreeBoard-Prefix.pch"; sourceTree = "<group>"; };
		EB68CC8E1660F31A00083770 /* UUAppDelegate.h */ = {isa = PBXFileReference; lastKnownFileType = sourcecode.c.h; path = UUAppDelegate.h; sourceTree = "<group>"; };
		EB68CC8F1660F31A00083770 /* UUAppDelegate.m */ = {isa = PBXFileReference; lastKnownFileType = sourcecode.c.objc; path = UUAppDelegate.m; sourceTree = "<group>"; };
		EB68CC911660F31A00083770 /* Default.png */ = {isa = PBXFileReference; lastKnownFileType = image.png; path = Default.png; sourceTree = "<group>"; };
		EB68CC931660F31A00083770 /* Default@2x.png */ = {isa = PBXFileReference; lastKnownFileType = image.png; path = "Default@2x.png"; sourceTree = "<group>"; };
		EB68CC951660F31A00083770 /* Default-568h@2x.png */ = {isa = PBXFileReference; lastKnownFileType = image.png; path = "Default-568h@2x.png"; sourceTree = "<group>"; };
		EBFDFA241660F7BB00317ACB /* AFHTTPClient.h */ = {isa = PBXFileReference; fileEncoding = 4; lastKnownFileType = sourcecode.c.h; path = AFHTTPClient.h; sourceTree = "<group>"; };
		EBFDFA251660F7BB00317ACB /* AFHTTPClient.m */ = {isa = PBXFileReference; fileEncoding = 4; lastKnownFileType = sourcecode.c.objc; path = AFHTTPClient.m; sourceTree = "<group>"; };
		EBFDFA261660F7BB00317ACB /* AFHTTPRequestOperation.h */ = {isa = PBXFileReference; fileEncoding = 4; lastKnownFileType = sourcecode.c.h; path = AFHTTPRequestOperation.h; sourceTree = "<group>"; };
		EBFDFA271660F7BB00317ACB /* AFHTTPRequestOperation.m */ = {isa = PBXFileReference; fileEncoding = 4; lastKnownFileType = sourcecode.c.objc; path = AFHTTPRequestOperation.m; sourceTree = "<group>"; };
		EBFDFA281660F7BB00317ACB /* AFImageRequestOperation.h */ = {isa = PBXFileReference; fileEncoding = 4; lastKnownFileType = sourcecode.c.h; path = AFImageRequestOperation.h; sourceTree = "<group>"; };
		EBFDFA291660F7BB00317ACB /* AFImageRequestOperation.m */ = {isa = PBXFileReference; fileEncoding = 4; lastKnownFileType = sourcecode.c.objc; path = AFImageRequestOperation.m; sourceTree = "<group>"; };
		EBFDFA2A1660F7BB00317ACB /* AFJSONRequestOperation.h */ = {isa = PBXFileReference; fileEncoding = 4; lastKnownFileType = sourcecode.c.h; path = AFJSONRequestOperation.h; sourceTree = "<group>"; };
		EBFDFA2B1660F7BB00317ACB /* AFJSONRequestOperation.m */ = {isa = PBXFileReference; fileEncoding = 4; lastKnownFileType = sourcecode.c.objc; path = AFJSONRequestOperation.m; sourceTree = "<group>"; };
		EBFDFA2C1660F7BB00317ACB /* AFNetworkActivityIndicatorManager.h */ = {isa = PBXFileReference; fileEncoding = 4; lastKnownFileType = sourcecode.c.h; path = AFNetworkActivityIndicatorManager.h; sourceTree = "<group>"; };
		EBFDFA2D1660F7BB00317ACB /* AFNetworkActivityIndicatorManager.m */ = {isa = PBXFileReference; fileEncoding = 4; lastKnownFileType = sourcecode.c.objc; path = AFNetworkActivityIndicatorManager.m; sourceTree = "<group>"; };
		EBFDFA2E1660F7BB00317ACB /* AFNetworking.h */ = {isa = PBXFileReference; fileEncoding = 4; lastKnownFileType = sourcecode.c.h; path = AFNetworking.h; sourceTree = "<group>"; };
		EBFDFA2F1660F7BB00317ACB /* AFPropertyListRequestOperation.h */ = {isa = PBXFileReference; fileEncoding = 4; lastKnownFileType = sourcecode.c.h; path = AFPropertyListRequestOperation.h; sourceTree = "<group>"; };
		EBFDFA301660F7BB00317ACB /* AFPropertyListRequestOperation.m */ = {isa = PBXFileReference; fileEncoding = 4; lastKnownFileType = sourcecode.c.objc; path = AFPropertyListRequestOperation.m; sourceTree = "<group>"; };
		EBFDFA311660F7BB00317ACB /* AFURLConnectionOperation.h */ = {isa = PBXFileReference; fileEncoding = 4; lastKnownFileType = sourcecode.c.h; path = AFURLConnectionOperation.h; sourceTree = "<group>"; };
		EBFDFA321660F7BB00317ACB /* AFURLConnectionOperation.m */ = {isa = PBXFileReference; fileEncoding = 4; lastKnownFileType = sourcecode.c.objc; path = AFURLConnectionOperation.m; sourceTree = "<group>"; };
		EBFDFA331660F7BB00317ACB /* AFXMLRequestOperation.h */ = {isa = PBXFileReference; fileEncoding = 4; lastKnownFileType = sourcecode.c.h; path = AFXMLRequestOperation.h; sourceTree = "<group>"; };
		EBFDFA341660F7BB00317ACB /* AFXMLRequestOperation.m */ = {isa = PBXFileReference; fileEncoding = 4; lastKnownFileType = sourcecode.c.objc; path = AFXMLRequestOperation.m; sourceTree = "<group>"; };
		EBFDFA351660F7BB00317ACB /* UIImageView+AFNetworking.h */ = {isa = PBXFileReference; fileEncoding = 4; lastKnownFileType = sourcecode.c.h; path = "UIImageView+AFNetworking.h"; sourceTree = "<group>"; };
		EBFDFA361660F7BB00317ACB /* UIImageView+AFNetworking.m */ = {isa = PBXFileReference; fileEncoding = 4; lastKnownFileType = sourcecode.c.objc; path = "UIImageView+AFNetworking.m"; sourceTree = "<group>"; };
		EBFDFA381660F7BB00317ACB /* JSONKit.h */ = {isa = PBXFileReference; fileEncoding = 4; lastKnownFileType = sourcecode.c.h; path = JSONKit.h; sourceTree = "<group>"; };
		EBFDFA391660F7BB00317ACB /* JSONKit.m */ = {isa = PBXFileReference; fileEncoding = 4; lastKnownFileType = sourcecode.c.objc; path = JSONKit.m; sourceTree = "<group>"; };
		EBFDFA3B1660F7BB00317ACB /* MKAnnotationView+WebCache.h */ = {isa = PBXFileReference; fileEncoding = 4; lastKnownFileType = sourcecode.c.h; path = "MKAnnotationView+WebCache.h"; sourceTree = "<group>"; };
		EBFDFA3C1660F7BB00317ACB /* MKAnnotationView+WebCache.m */ = {isa = PBXFileReference; fileEncoding = 4; lastKnownFileType = sourcecode.c.objc; path = "MKAnnotationView+WebCache.m"; sourceTree = "<group>"; };
		EBFDFA3D1660F7BB00317ACB /* SDImageCache.h */ = {isa = PBXFileReference; fileEncoding = 4; lastKnownFileType = sourcecode.c.h; path = SDImageCache.h; sourceTree = "<group>"; };
		EBFDFA3E1660F7BB00317ACB /* SDImageCache.m */ = {isa = PBXFileReference; fileEncoding = 4; lastKnownFileType = sourcecode.c.objc; path = SDImageCache.m; sourceTree = "<group>"; };
		EBFDFA3F1660F7BB00317ACB /* SDImageCacheDelegate.h */ = {isa = PBXFileReference; fileEncoding = 4; lastKnownFileType = sourcecode.c.h; path = SDImageCacheDelegate.h; sourceTree = "<group>"; };
		EBFDFA401660F7BB00317ACB /* SDWebImageCompat.h */ = {isa = PBXFileReference; fileEncoding = 4; lastKnownFileType = sourcecode.c.h; path = SDWebImageCompat.h; sourceTree = "<group>"; };
		EBFDFA411660F7BB00317ACB /* SDWebImageDecoder.h */ = {isa = PBXFileReference; fileEncoding = 4; lastKnownFileType = sourcecode.c.h; path = SDWebImageDecoder.h; sourceTree = "<group>"; };
		EBFDFA421660F7BB00317ACB /* SDWebImageDecoder.m */ = {isa = PBXFileReference; fileEncoding = 4; lastKnownFileType = sourcecode.c.objc; path = SDWebImageDecoder.m; sourceTree = "<group>"; };
		EBFDFA431660F7BB00317ACB /* SDWebImageDownloader.h */ = {isa = PBXFileReference; fileEncoding = 4; lastKnownFileType = sourcecode.c.h; path = SDWebImageDownloader.h; sourceTree = "<group>"; };
		EBFDFA441660F7BB00317ACB /* SDWebImageDownloader.m */ = {isa = PBXFileReference; fileEncoding = 4; lastKnownFileType = sourcecode.c.objc; path = SDWebImageDownloader.m; sourceTree = "<group>"; };
		EBFDFA451660F7BB00317ACB /* SDWebImageDownloaderDelegate.h */ = {isa = PBXFileReference; fileEncoding = 4; lastKnownFileType = sourcecode.c.h; path = SDWebImageDownloaderDelegate.h; sourceTree = "<group>"; };
		EBFDFA461660F7BB00317ACB /* SDWebImageManager.h */ = {isa = PBXFileReference; fileEncoding = 4; lastKnownFileType = sourcecode.c.h; path = SDWebImageManager.h; sourceTree = "<group>"; };
		EBFDFA471660F7BB00317ACB /* SDWebImageManager.m */ = {isa = PBXFileReference; fileEncoding = 4; lastKnownFileType = sourcecode.c.objc; path = SDWebImageManager.m; sourceTree = "<group>"; };
		EBFDFA481660F7BB00317ACB /* SDWebImageManagerDelegate.h */ = {isa = PBXFileReference; fileEncoding = 4; lastKnownFileType = sourcecode.c.h; path = SDWebImageManagerDelegate.h; sourceTree = "<group>"; };
		EBFDFA491660F7BB00317ACB /* SDWebImagePrefetcher.h */ = {isa = PBXFileReference; fileEncoding = 4; lastKnownFileType = sourcecode.c.h; path = SDWebImagePrefetcher.h; sourceTree = "<group>"; };
		EBFDFA4A1660F7BB00317ACB /* SDWebImagePrefetcher.m */ = {isa = PBXFileReference; fileEncoding = 4; lastKnownFileType = sourcecode.c.objc; path = SDWebImagePrefetcher.m; sourceTree = "<group>"; };
		EBFDFA4B1660F7BB00317ACB /* UIButton+WebCache.h */ = {isa = PBXFileReference; fileEncoding = 4; lastKnownFileType = sourcecode.c.h; path = "UIButton+WebCache.h"; sourceTree = "<group>"; };
		EBFDFA4C1660F7BB00317ACB /* UIButton+WebCache.m */ = {isa = PBXFileReference; fileEncoding = 4; lastKnownFileType = sourcecode.c.objc; path = "UIButton+WebCache.m"; sourceTree = "<group>"; };
		EBFDFA4D1660F7BB00317ACB /* UIImageView+WebCache.h */ = {isa = PBXFileReference; fileEncoding = 4; lastKnownFileType = sourcecode.c.h; path = "UIImageView+WebCache.h"; sourceTree = "<group>"; };
		EBFDFA4E1660F7BB00317ACB /* UIImageView+WebCache.m */ = {isa = PBXFileReference; fileEncoding = 4; lastKnownFileType = sourcecode.c.objc; path = "UIImageView+WebCache.m"; sourceTree = "<group>"; };
		EBFDFA621660F9EF00317ACB /* ImageIO.framework */ = {isa = PBXFileReference; lastKnownFileType = wrapper.framework; name = ImageIO.framework; path = System/Library/Frameworks/ImageIO.framework; sourceTree = SDKROOT; };
		EBFDFA731660FA5600317ACB /* MapKit.framework */ = {isa = PBXFileReference; lastKnownFileType = wrapper.framework; name = MapKit.framework; path = System/Library/Frameworks/MapKit.framework; sourceTree = SDKROOT; };
		EBFDFA7F1661051100317ACB /* DDAbstractDatabaseLogger.h */ = {isa = PBXFileReference; fileEncoding = 4; lastKnownFileType = sourcecode.c.h; path = DDAbstractDatabaseLogger.h; sourceTree = "<group>"; };
		EBFDFA801661051100317ACB /* DDAbstractDatabaseLogger.m */ = {isa = PBXFileReference; fileEncoding = 4; lastKnownFileType = sourcecode.c.objc; path = DDAbstractDatabaseLogger.m; sourceTree = "<group>"; };
		EBFDFA811661051100317ACB /* DDASLLogger.h */ = {isa = PBXFileReference; fileEncoding = 4; lastKnownFileType = sourcecode.c.h; path = DDASLLogger.h; sourceTree = "<group>"; };
		EBFDFA821661051100317ACB /* DDASLLogger.m */ = {isa = PBXFileReference; fileEncoding = 4; lastKnownFileType = sourcecode.c.objc; path = DDASLLogger.m; sourceTree = "<group>"; };
		EBFDFA831661051100317ACB /* DDFileLogger.h */ = {isa = PBXFileReference; fileEncoding = 4; lastKnownFileType = sourcecode.c.h; path = DDFileLogger.h; sourceTree = "<group>"; };
		EBFDFA841661051100317ACB /* DDFileLogger.m */ = {isa = PBXFileReference; fileEncoding = 4; lastKnownFileType = sourcecode.c.objc; path = DDFileLogger.m; sourceTree = "<group>"; };
		EBFDFA851661051100317ACB /* DDLog.h */ = {isa = PBXFileReference; fileEncoding = 4; lastKnownFileType = sourcecode.c.h; path = DDLog.h; sourceTree = "<group>"; };
		EBFDFA861661051100317ACB /* DDLog.m */ = {isa = PBXFileReference; fileEncoding = 4; lastKnownFileType = sourcecode.c.objc; path = DDLog.m; sourceTree = "<group>"; };
		EBFDFA871661051100317ACB /* DDTTYLogger.h */ = {isa = PBXFileReference; fileEncoding = 4; lastKnownFileType = sourcecode.c.h; path = DDTTYLogger.h; sourceTree = "<group>"; };
		EBFDFA881661051100317ACB /* DDTTYLogger.m */ = {isa = PBXFileReference; fileEncoding = 4; lastKnownFileType = sourcecode.c.objc; path = DDTTYLogger.m; sourceTree = "<group>"; };
		EBFDFA8A1661051100317ACB /* ContextFilterLogFormatter.h */ = {isa = PBXFileReference; fileEncoding = 4; lastKnownFileType = sourcecode.c.h; path = ContextFilterLogFormatter.h; sourceTree = "<group>"; };
		EBFDFA8B1661051100317ACB /* ContextFilterLogFormatter.m */ = {isa = PBXFileReference; fileEncoding = 4; lastKnownFileType = sourcecode.c.objc; path = ContextFilterLogFormatter.m; sourceTree = "<group>"; };
		EBFDFA8C1661051100317ACB /* DispatchQueueLogFormatter.h */ = {isa = PBXFileReference; fileEncoding = 4; lastKnownFileType = sourcecode.c.h; path = DispatchQueueLogFormatter.h; sourceTree = "<group>"; };
		EBFDFA8D1661051100317ACB /* DispatchQueueLogFormatter.m */ = {isa = PBXFileReference; fileEncoding = 4; lastKnownFileType = sourcecode.c.objc; path = DispatchQueueLogFormatter.m; sourceTree = "<group>"; };
		EBFDFA8E1661051100317ACB /* README.txt */ = {isa = PBXFileReference; fileEncoding = 4; lastKnownFileType = text; path = README.txt; sourceTree = "<group>"; };
		EBFDFAA416610F2600317ACB /* UUMainVC.h */ = {isa = PBXFileReference; fileEncoding = 4; lastKnownFileType = sourcecode.c.h; path = UUMainVC.h; sourceTree = "<group>"; };
		EBFDFAA516610F2600317ACB /* UUMainVC.m */ = {isa = PBXFileReference; fileEncoding = 4; lastKnownFileType = sourcecode.c.objc; path = UUMainVC.m; sourceTree = "<group>"; };
		EBFDFAF416610FEB00317ACB /* SynthesizeSingleton.h */ = {isa = PBXFileReference; fileEncoding = 4; lastKnownFileType = sourcecode.c.h; path = SynthesizeSingleton.h; sourceTree = "<group>"; };
		EBFDFAF51661103800317ACB /* UUPage.h */ = {isa = PBXFileReference; fileEncoding = 4; lastKnownFileType = sourcecode.c.h; path = UUPage.h; sourceTree = "<group>"; };
		EBFDFAF61661103800317ACB /* UUPage.m */ = {isa = PBXFileReference; fileEncoding = 4; lastKnownFileType = sourcecode.c.objc; path = UUPage.m; sourceTree = "<group>"; };
		EBFDFB0416611D6200317ACB /* UUCategory.h */ = {isa = PBXFileReference; fileEncoding = 4; lastKnownFileType = sourcecode.c.h; path = UUCategory.h; sourceTree = "<group>"; };
		EBFDFB0516611D6200317ACB /* UUCategory.m */ = {isa = PBXFileReference; fileEncoding = 4; lastKnownFileType = sourcecode.c.objc; path = UUCategory.m; sourceTree = "<group>"; };
		EBFDFB0716611D7400317ACB /* UUPageDataProvider.h */ = {isa = PBXFileReference; fileEncoding = 4; lastKnownFileType = sourcecode.c.h; path = UUPageDataProvider.h; sourceTree = "<group>"; };
		EBFDFB0816611D7400317ACB /* UUPageDataProvider.m */ = {isa = PBXFileReference; fileEncoding = 4; lastKnownFileType = sourcecode.c.objc; path = UUPageDataProvider.m; sourceTree = "<group>"; };
		EBFDFB0A16611D8500317ACB /* UUCategoryDataProvider.h */ = {isa = PBXFileReference; fileEncoding = 4; lastKnownFileType = sourcecode.c.h; path = UUCategoryDataProvider.h; sourceTree = "<group>"; };
		EBFDFB0B16611D8500317ACB /* UUCategoryDataProvider.m */ = {isa = PBXFileReference; fileEncoding = 4; lastKnownFileType = sourcecode.c.objc; path = UUCategoryDataProvider.m; sourceTree = "<group>"; };
		EBFDFB0D16611DD900317ACB /* UUGoodPolicyVC.h */ = {isa = PBXFileReference; fileEncoding = 4; lastKnownFileType = sourcecode.c.h; path = UUGoodPolicyVC.h; sourceTree = "<group>"; };
		EBFDFB0E16611DD900317ACB /* UUGoodPolicyVC.m */ = {isa = PBXFileReference; fileEncoding = 4; lastKnownFileType = sourcecode.c.objc; path = UUGoodPolicyVC.m; sourceTree = "<group>"; };
		EBFDFB1016611DED00317ACB /* UUNewInfoVC.h */ = {isa = PBXFileReference; fileEncoding = 4; lastKnownFileType = sourcecode.c.h; path = UUNewInfoVC.h; sourceTree = "<group>"; };
		EBFDFB1116611DED00317ACB /* UUNewInfoVC.m */ = {isa = PBXFileReference; fileEncoding = 4; lastKnownFileType = sourcecode.c.objc; path = UUNewInfoVC.m; sourceTree = "<group>"; };
		EBFDFB1316611E0400317ACB /* UUActivityVC.h */ = {isa = PBXFileReference; fileEncoding = 4; lastKnownFileType = sourcecode.c.h; path = UUActivityVC.h; sourceTree = "<group>"; };
		EBFDFB1416611E0400317ACB /* UUActivityVC.m */ = {isa = PBXFileReference; fileEncoding = 4; lastKnownFileType = sourcecode.c.objc; path = UUActivityVC.m; sourceTree = "<group>"; };
		EBFDFB1616611E1800317ACB /* UUProjectShowVC.h */ = {isa = PBXFileReference; fileEncoding = 4; lastKnownFileType = sourcecode.c.h; path = UUProjectShowVC.h; sourceTree = "<group>"; };
		EBFDFB1716611E1800317ACB /* UUProjectShowVC.m */ = {isa = PBXFileReference; fileEncoding = 4; lastKnownFileType = sourcecode.c.objc; path = UUProjectShowVC.m; sourceTree = "<group>"; };
		EBFDFB1916611E4100317ACB /* UUPartnersVC.h */ = {isa = PBXFileReference; fileEncoding = 4; lastKnownFileType = sourcecode.c.h; path = UUPartnersVC.h; sourceTree = "<group>"; };
		EBFDFB1A16611E4100317ACB /* UUPartnersVC.m */ = {isa = PBXFileReference; fileEncoding = 4; lastKnownFileType = sourcecode.c.objc; path = UUPartnersVC.m; sourceTree = "<group>"; };
		EBFDFB1C16611E7300317ACB /* UUAboutVC.h */ = {isa = PBXFileReference; fileEncoding = 4; lastKnownFileType = sourcecode.c.h; path = UUAboutVC.h; sourceTree = "<group>"; };
		EBFDFB1D16611E7300317ACB /* UUAboutVC.m */ = {isa = PBXFileReference; fileEncoding = 4; lastKnownFileType = sourcecode.c.objc; path = UUAboutVC.m; sourceTree = "<group>"; };
		EBFDFB281661EEA600317ACB /* MBProgressHUD.h */ = {isa = PBXFileReference; fileEncoding = 4; lastKnownFileType = sourcecode.c.h; path = MBProgressHUD.h; sourceTree = "<group>"; };
		EBFDFB291661EEA600317ACB /* MBProgressHUD.m */ = {isa = PBXFileReference; fileEncoding = 4; lastKnownFileType = sourcecode.c.objc; path = MBProgressHUD.m; sourceTree = "<group>"; };
/* End PBXFileReference section */

/* Begin PBXFrameworksBuildPhase section */
		EB68CC781660F31A00083770 /* Frameworks */ = {
			isa = PBXFrameworksBuildPhase;
			buildActionMask = 2147483647;
			files = (
				EBFDFA741660FA5600317ACB /* MapKit.framework in Frameworks */,
				EBFDFA631660F9EF00317ACB /* ImageIO.framework in Frameworks */,
				EB68CC801660F31A00083770 /* UIKit.framework in Frameworks */,
				EB68CC821660F31A00083770 /* Foundation.framework in Frameworks */,
				EB68CC841660F31A00083770 /* CoreGraphics.framework in Frameworks */,
			);
			runOnlyForDeploymentPostprocessing = 0;
		};
/* End PBXFrameworksBuildPhase section */

/* Begin PBXGroup section */
		EB68CC701660F31A00083770 = {
			isa = PBXGroup;
			children = (
				EBFDFA221660F7BB00317ACB /* Libraries */,
				EB68CC851660F31A00083770 /* ThreeBoard */,
				EB68CC7E1660F31A00083770 /* Frameworks */,
				EB68CC7C1660F31A00083770 /* Products */,
			);
			sourceTree = "<group>";
		};
		EB68CC7C1660F31A00083770 /* Products */ = {
			isa = PBXGroup;
			children = (
				EB68CC7B1660F31A00083770 /* ThreeBoard.app */,
			);
			name = Products;
			sourceTree = "<group>";
		};
		EB68CC7E1660F31A00083770 /* Frameworks */ = {
			isa = PBXGroup;
			children = (
				EBFDFA731660FA5600317ACB /* MapKit.framework */,
				EBFDFA621660F9EF00317ACB /* ImageIO.framework */,
				EB68CC7F1660F31A00083770 /* UIKit.framework */,
				EB68CC811660F31A00083770 /* Foundation.framework */,
				EB68CC831660F31A00083770 /* CoreGraphics.framework */,
			);
			name = Frameworks;
			sourceTree = "<group>";
		};
		EB68CC851660F31A00083770 /* ThreeBoard */ = {
			isa = PBXGroup;
			children = (
				EBFDFA9716610D8A00317ACB /* Utils */,
				EBFDFA9816610D8A00317ACB /* Controller */,
				EBFDFA9916610D8A00317ACB /* View */,
				EBFDFA9A16610D8A00317ACB /* Model */,
				EB68CC8E1660F31A00083770 /* UUAppDelegate.h */,
				EB68CC8F1660F31A00083770 /* UUAppDelegate.m */,
				EB68CC861660F31A00083770 /* Supporting Files */,
			);
			path = ThreeBoard;
			sourceTree = "<group>";
		};
		EB68CC861660F31A00083770 /* Supporting Files */ = {
			isa = PBXGroup;
			children = (
				EB68CC871660F31A00083770 /* ThreeBoard-Info.plist */,
				EB68CC881660F31A00083770 /* InfoPlist.strings */,
				EB68CC8B1660F31A00083770 /* main.m */,
				EB68CC8D1660F31A00083770 /* ThreeBoard-Prefix.pch */,
				EB68CC911660F31A00083770 /* Default.png */,
				EB68CC931660F31A00083770 /* Default@2x.png */,
				EB68CC951660F31A00083770 /* Default-568h@2x.png */,
			);
			name = "Supporting Files";
			sourceTree = "<group>";
		};
		EBFDFA221660F7BB00317ACB /* Libraries */ = {
			isa = PBXGroup;
			children = (
				EBFDFB271661EEA600317ACB /* MBProgressHUD */,
				EBFDFA7E1661051100317ACB /* Lumberjack */,
				EBFDFA231660F7BB00317ACB /* AFNetworking */,
				EBFDFA371660F7BB00317ACB /* JSONKit */,
				EBFDFA3A1660F7BB00317ACB /* SDWebImage */,
			);
			path = Libraries;
			sourceTree = "<group>";
		};
		EBFDFA231660F7BB00317ACB /* AFNetworking */ = {
			isa = PBXGroup;
			children = (
				EBFDFA241660F7BB00317ACB /* AFHTTPClient.h */,
				EBFDFA251660F7BB00317ACB /* AFHTTPClient.m */,
				EBFDFA261660F7BB00317ACB /* AFHTTPRequestOperation.h */,
				EBFDFA271660F7BB00317ACB /* AFHTTPRequestOperation.m */,
				EBFDFA281660F7BB00317ACB /* AFImageRequestOperation.h */,
				EBFDFA291660F7BB00317ACB /* AFImageRequestOperation.m */,
				EBFDFA2A1660F7BB00317ACB /* AFJSONRequestOperation.h */,
				EBFDFA2B1660F7BB00317ACB /* AFJSONRequestOperation.m */,
				EBFDFA2C1660F7BB00317ACB /* AFNetworkActivityIndicatorManager.h */,
				EBFDFA2D1660F7BB00317ACB /* AFNetworkActivityIndicatorManager.m */,
				EBFDFA2E1660F7BB00317ACB /* AFNetworking.h */,
				EBFDFA2F1660F7BB00317ACB /* AFPropertyListRequestOperation.h */,
				EBFDFA301660F7BB00317ACB /* AFPropertyListRequestOperation.m */,
				EBFDFA311660F7BB00317ACB /* AFURLConnectionOperation.h */,
				EBFDFA321660F7BB00317ACB /* AFURLConnectionOperation.m */,
				EBFDFA331660F7BB00317ACB /* AFXMLRequestOperation.h */,
				EBFDFA341660F7BB00317ACB /* AFXMLRequestOperation.m */,
				EBFDFA351660F7BB00317ACB /* UIImageView+AFNetworking.h */,
				EBFDFA361660F7BB00317ACB /* UIImageView+AFNetworking.m */,
			);
			path = AFNetworking;
			sourceTree = "<group>";
		};
		EBFDFA371660F7BB00317ACB /* JSONKit */ = {
			isa = PBXGroup;
			children = (
				EBFDFA381660F7BB00317ACB /* JSONKit.h */,
				EBFDFA391660F7BB00317ACB /* JSONKit.m */,
			);
			path = JSONKit;
			sourceTree = "<group>";
		};
		EBFDFA3A1660F7BB00317ACB /* SDWebImage */ = {
			isa = PBXGroup;
			children = (
				EBFDFA3B1660F7BB00317ACB /* MKAnnotationView+WebCache.h */,
				EBFDFA3C1660F7BB00317ACB /* MKAnnotationView+WebCache.m */,
				EBFDFA3D1660F7BB00317ACB /* SDImageCache.h */,
				EBFDFA3E1660F7BB00317ACB /* SDImageCache.m */,
				EBFDFA3F1660F7BB00317ACB /* SDImageCacheDelegate.h */,
				EBFDFA401660F7BB00317ACB /* SDWebImageCompat.h */,
				EBFDFA411660F7BB00317ACB /* SDWebImageDecoder.h */,
				EBFDFA421660F7BB00317ACB /* SDWebImageDecoder.m */,
				EBFDFA431660F7BB00317ACB /* SDWebImageDownloader.h */,
				EBFDFA441660F7BB00317ACB /* SDWebImageDownloader.m */,
				EBFDFA451660F7BB00317ACB /* SDWebImageDownloaderDelegate.h */,
				EBFDFA461660F7BB00317ACB /* SDWebImageManager.h */,
				EBFDFA471660F7BB00317ACB /* SDWebImageManager.m */,
				EBFDFA481660F7BB00317ACB /* SDWebImageManagerDelegate.h */,
				EBFDFA491660F7BB00317ACB /* SDWebImagePrefetcher.h */,
				EBFDFA4A1660F7BB00317ACB /* SDWebImagePrefetcher.m */,
				EBFDFA4B1660F7BB00317ACB /* UIButton+WebCache.h */,
				EBFDFA4C1660F7BB00317ACB /* UIButton+WebCache.m */,
				EBFDFA4D1660F7BB00317ACB /* UIImageView+WebCache.h */,
				EBFDFA4E1660F7BB00317ACB /* UIImageView+WebCache.m */,
			);
			path = SDWebImage;
			sourceTree = "<group>";
		};
		EBFDFA7E1661051100317ACB /* Lumberjack */ = {
			isa = PBXGroup;
			children = (
				EBFDFA7F1661051100317ACB /* DDAbstractDatabaseLogger.h */,
				EBFDFA801661051100317ACB /* DDAbstractDatabaseLogger.m */,
				EBFDFA811661051100317ACB /* DDASLLogger.h */,
				EBFDFA821661051100317ACB /* DDASLLogger.m */,
				EBFDFA831661051100317ACB /* DDFileLogger.h */,
				EBFDFA841661051100317ACB /* DDFileLogger.m */,
				EBFDFA851661051100317ACB /* DDLog.h */,
				EBFDFA861661051100317ACB /* DDLog.m */,
				EBFDFA871661051100317ACB /* DDTTYLogger.h */,
				EBFDFA881661051100317ACB /* DDTTYLogger.m */,
				EBFDFA891661051100317ACB /* Extensions */,
			);
			path = Lumberjack;
			sourceTree = "<group>";
		};
		EBFDFA891661051100317ACB /* Extensions */ = {
			isa = PBXGroup;
			children = (
				EBFDFA8A1661051100317ACB /* ContextFilterLogFormatter.h */,
				EBFDFA8B1661051100317ACB /* ContextFilterLogFormatter.m */,
				EBFDFA8C1661051100317ACB /* DispatchQueueLogFormatter.h */,
				EBFDFA8D1661051100317ACB /* DispatchQueueLogFormatter.m */,
				EBFDFA8E1661051100317ACB /* README.txt */,
			);
			path = Extensions;
			sourceTree = "<group>";
		};
		EBFDFA9716610D8A00317ACB /* Utils */ = {
			isa = PBXGroup;
			children = (
				EBFDFAF416610FEB00317ACB /* SynthesizeSingleton.h */,
			);
			path = Utils;
			sourceTree = "<group>";
		};
		EBFDFA9816610D8A00317ACB /* Controller */ = {
			isa = PBXGroup;
			children = (
				EBFDFAA416610F2600317ACB /* UUMainVC.h */,
				EBFDFAA516610F2600317ACB /* UUMainVC.m */,
				EBFDFB0D16611DD900317ACB /* UUGoodPolicyVC.h */,
				EBFDFB0E16611DD900317ACB /* UUGoodPolicyVC.m */,
				EBFDFB1016611DED00317ACB /* UUNewInfoVC.h */,
				EBFDFB1116611DED00317ACB /* UUNewInfoVC.m */,
				EBFDFB1316611E0400317ACB /* UUActivityVC.h */,
				EBFDFB1416611E0400317ACB /* UUActivityVC.m */,
				EBFDFB1616611E1800317ACB /* UUProjectShowVC.h */,
				EBFDFB1716611E1800317ACB /* UUProjectShowVC.m */,
				EBFDFB1916611E4100317ACB /* UUPartnersVC.h */,
				EBFDFB1A16611E4100317ACB /* UUPartnersVC.m */,
				EBFDFB1C16611E7300317ACB /* UUAboutVC.h */,
				EBFDFB1D16611E7300317ACB /* UUAboutVC.m */,
			);
			path = Controller;
			sourceTree = "<group>";
		};
		EBFDFA9916610D8A00317ACB /* View */ = {
			isa = PBXGroup;
			children = (
			);
			path = View;
			sourceTree = "<group>";
		};
		EBFDFA9A16610D8A00317ACB /* Model */ = {
			isa = PBXGroup;
			children = (
				EBFDFAF51661103800317ACB /* UUPage.h */,
				EBFDFAF61661103800317ACB /* UUPage.m */,
				EBFDFB0416611D6200317ACB /* UUCategory.h */,
				EBFDFB0516611D6200317ACB /* UUCategory.m */,
				EBFDFB0716611D7400317ACB /* UUPageDataProvider.h */,
				EBFDFB0816611D7400317ACB /* UUPageDataProvider.m */,
				EBFDFB0A16611D8500317ACB /* UUCategoryDataProvider.h */,
				EBFDFB0B16611D8500317ACB /* UUCategoryDataProvider.m */,
			);
			path = Model;
			sourceTree = "<group>";
		};
		EBFDFB271661EEA600317ACB /* MBProgressHUD */ = {
			isa = PBXGroup;
			children = (
				EBFDFB281661EEA600317ACB /* MBProgressHUD.h */,
				EBFDFB291661EEA600317ACB /* MBProgressHUD.m */,
			);
			path = MBProgressHUD;
			sourceTree = "<group>";
		};
/* End PBXGroup section */

/* Begin PBXNativeTarget section */
		EB68CC7A1660F31A00083770 /* ThreeBoard */ = {
			isa = PBXNativeTarget;
			buildConfigurationList = EB68CC9F1660F31A00083770 /* Build configuration list for PBXNativeTarget "ThreeBoard" */;
			buildPhases = (
				EB68CC771660F31A00083770 /* Sources */,
				EB68CC781660F31A00083770 /* Frameworks */,
				EB68CC791660F31A00083770 /* Resources */,
			);
			buildRules = (
			);
			dependencies = (
			);
			name = ThreeBoard;
			productName = ThreeBoard;
			productReference = EB68CC7B1660F31A00083770 /* ThreeBoard.app */;
			productType = "com.apple.product-type.application";
		};
/* End PBXNativeTarget section */

/* Begin PBXProject section */
		EB68CC721660F31A00083770 /* Project object */ = {
			isa = PBXProject;
			attributes = {
				CLASSPREFIX = UU;
				LastUpgradeCheck = 0450;
				ORGANIZATIONNAME = garyliu;
			};
			buildConfigurationList = EB68CC751660F31A00083770 /* Build configuration list for PBXProject "ThreeBoard" */;
			compatibilityVersion = "Xcode 3.2";
			developmentRegion = English;
			hasScannedForEncodings = 0;
			knownRegions = (
				en,
			);
			mainGroup = EB68CC701660F31A00083770;
			productRefGroup = EB68CC7C1660F31A00083770 /* Products */;
			projectDirPath = "";
			projectRoot = "";
			targets = (
				EB68CC7A1660F31A00083770 /* ThreeBoard */,
			);
		};
/* End PBXProject section */

/* Begin PBXResourcesBuildPhase section */
		EB68CC791660F31A00083770 /* Resources */ = {
			isa = PBXResourcesBuildPhase;
			buildActionMask = 2147483647;
			files = (
				EB68CC8A1660F31A00083770 /* InfoPlist.strings in Resources */,
				EB68CC921660F31A00083770 /* Default.png in Resources */,
				EB68CC941660F31A00083770 /* Default@2x.png in Resources */,
				EB68CC961660F31A00083770 /* Default-568h@2x.png in Resources */,
				EBFDFA961661051100317ACB /* README.txt in Resources */,
			);
			runOnlyForDeploymentPostprocessing = 0;
		};
/* End PBXResourcesBuildPhase section */

/* Begin PBXSourcesBuildPhase section */
		EB68CC771660F31A00083770 /* Sources */ = {
			isa = PBXSourcesBuildPhase;
			buildActionMask = 2147483647;
			files = (
				EB68CC8C1660F31A00083770 /* main.m in Sources */,
				EB68CC901660F31A00083770 /* UUAppDelegate.m in Sources */,
				EBFDFA4F1660F7BB00317ACB /* AFHTTPClient.m in Sources */,
				EBFDFA501660F7BB00317ACB /* AFHTTPRequestOperation.m in Sources */,
				EBFDFA511660F7BB00317ACB /* AFImageRequestOperation.m in Sources */,
				EBFDFA521660F7BB00317ACB /* AFJSONRequestOperation.m in Sources */,
				EBFDFA531660F7BB00317ACB /* AFNetworkActivityIndicatorManager.m in Sources */,
				EBFDFA541660F7BB00317ACB /* AFPropertyListRequestOperation.m in Sources */,
				EBFDFA551660F7BB00317ACB /* AFURLConnectionOperation.m in Sources */,
				EBFDFA561660F7BB00317ACB /* AFXMLRequestOperation.m in Sources */,
				EBFDFA571660F7BB00317ACB /* UIImageView+AFNetworking.m in Sources */,
				EBFDFA581660F7BB00317ACB /* JSONKit.m in Sources */,
				EBFDFA591660F7BB00317ACB /* MKAnnotationView+WebCache.m in Sources */,
				EBFDFA5A1660F7BB00317ACB /* SDImageCache.m in Sources */,
				EBFDFA5B1660F7BB00317ACB /* SDWebImageDecoder.m in Sources */,
				EBFDFA5C1660F7BB00317ACB /* SDWebImageDownloader.m in Sources */,
				EBFDFA5D1660F7BB00317ACB /* SDWebImageManager.m in Sources */,
				EBFDFA5E1660F7BB00317ACB /* SDWebImagePrefetcher.m in Sources */,
				EBFDFA5F1660F7BB00317ACB /* UIButton+WebCache.m in Sources */,
				EBFDFA601660F7BB00317ACB /* UIImageView+WebCache.m in Sources */,
				EBFDFA8F1661051100317ACB /* DDAbstractDatabaseLogger.m in Sources */,
				EBFDFA901661051100317ACB /* DDASLLogger.m in Sources */,
				EBFDFA911661051100317ACB /* DDFileLogger.m in Sources */,
				EBFDFA921661051100317ACB /* DDLog.m in Sources */,
				EBFDFA931661051100317ACB /* DDTTYLogger.m in Sources */,
				EBFDFA941661051100317ACB /* ContextFilterLogFormatter.m in Sources */,
				EBFDFA951661051100317ACB /* DispatchQueueLogFormatter.m in Sources */,
				EBFDFAA616610F2600317ACB /* UUMainVC.m in Sources */,
				EBFDFAF71661103800317ACB /* UUPage.m in Sources */,
				EBFDFB0616611D6200317ACB /* UUCategory.m in Sources */,
				EBFDFB0916611D7400317ACB /* UUPageDataProvider.m in Sources */,
				EBFDFB0C16611D8500317ACB /* UUCategoryDataProvider.m in Sources */,
				EBFDFB0F16611DD900317ACB /* UUGoodPolicyVC.m in Sources */,
				EBFDFB1216611DED00317ACB /* UUNewInfoVC.m in Sources */,
				EBFDFB1516611E0400317ACB /* UUActivityVC.m in Sources */,
				EBFDFB1816611E1800317ACB /* UUProjectShowVC.m in Sources */,
				EBFDFB1B16611E4100317ACB /* UUPartnersVC.m in Sources */,
				EBFDFB1E16611E7400317ACB /* UUAboutVC.m in Sources */,
				EBFDFB2A1661EEA600317ACB /* MBProgressHUD.m in Sources */,
			);
			runOnlyForDeploymentPostprocessing = 0;
		};
/* End PBXSourcesBuildPhase section */

/* Begin PBXVariantGroup section */
		EB68CC881660F31A00083770 /* InfoPlist.strings */ = {
			isa = PBXVariantGroup;
			children = (
				EB68CC891660F31A00083770 /* en */,
			);
			name = InfoPlist.strings;
			sourceTree = "<group>";
		};
/* End PBXVariantGroup section */

/* Begin XCBuildConfiguration section */
		EB68CC9D1660F31A00083770 /* Debug */ = {
			isa = XCBuildConfiguration;
			buildSettings = {
				ALWAYS_SEARCH_USER_PATHS = NO;
				CLANG_CXX_LANGUAGE_STANDARD = "gnu++0x";
				CLANG_CXX_LIBRARY = "libc++";
				CLANG_ENABLE_OBJC_ARC = YES;
				CLANG_WARN_EMPTY_BODY = YES;
				CLANG_WARN__DUPLICATE_METHOD_MATCH = YES;
				"CODE_SIGN_IDENTITY[sdk=iphoneos*]" = "iPhone Developer";
				COPY_PHASE_STRIP = NO;
				GCC_C_LANGUAGE_STANDARD = gnu99;
				GCC_DYNAMIC_NO_PIC = NO;
				GCC_OPTIMIZATION_LEVEL = 0;
				GCC_PREPROCESSOR_DEFINITIONS = (
					"DEBUG=1",
					"$(inherited)",
				);
				GCC_SYMBOLS_PRIVATE_EXTERN = NO;
				GCC_WARN_ABOUT_RETURN_TYPE = YES;
				GCC_WARN_UNINITIALIZED_AUTOS = YES;
				GCC_WARN_UNUSED_VARIABLE = YES;
				IPHONEOS_DEPLOYMENT_TARGET = 5.0;
				SDKROOT = iphoneos;
			};
			name = Debug;
		};
		EB68CC9E1660F31A00083770 /* Release */ = {
			isa = XCBuildConfiguration;
			buildSettings = {
				ALWAYS_SEARCH_USER_PATHS = NO;
				CLANG_CXX_LANGUAGE_STANDARD = "gnu++0x";
				CLANG_CXX_LIBRARY = "libc++";
				CLANG_ENABLE_OBJC_ARC = YES;
				CLANG_WARN_EMPTY_BODY = YES;
				CLANG_WARN__DUPLICATE_METHOD_MATCH = YES;
				"CODE_SIGN_IDENTITY[sdk=iphoneos*]" = "iPhone Developer";
				COPY_PHASE_STRIP = YES;
				GCC_C_LANGUAGE_STANDARD = gnu99;
				GCC_WARN_ABOUT_RETURN_TYPE = YES;
				GCC_WARN_UNINITIALIZED_AUTOS = YES;
				GCC_WARN_UNUSED_VARIABLE = YES;
				IPHONEOS_DEPLOYMENT_TARGET = 5.0;
				OTHER_CFLAGS = "-DNS_BLOCK_ASSERTIONS=1";
				SDKROOT = iphoneos;
				VALIDATE_PRODUCT = YES;
			};
			name = Release;
		};
		EB68CCA01660F31A00083770 /* Debug */ = {
			isa = XCBuildConfiguration;
			buildSettings = {
				GCC_PRECOMPILE_PREFIX_HEADER = YES;
				GCC_PREFIX_HEADER = "ThreeBoard/ThreeBoard-Prefix.pch";
				INFOPLIST_FILE = "ThreeBoard/ThreeBoard-Info.plist";
				IPHONEOS_DEPLOYMENT_TARGET = 5.0;
				PRODUCT_NAME = "$(TARGET_NAME)";
				WRAPPER_EXTENSION = app;
			};
			name = Debug;
		};
		EB68CCA11660F31A00083770 /* Release */ = {
			isa = XCBuildConfiguration;
			buildSettings = {
				GCC_PRECOMPILE_PREFIX_HEADER = YES;
				GCC_PREFIX_HEADER = "ThreeBoard/ThreeBoard-Prefix.pch";
				INFOPLIST_FILE = "ThreeBoard/ThreeBoard-Info.plist";
				IPHONEOS_DEPLOYMENT_TARGET = 5.0;
				PRODUCT_NAME = "$(TARGET_NAME)";
				WRAPPER_EXTENSION = app;
			};
			name = Release;
		};
/* End XCBuildConfiguration section */

/* Begin XCConfigurationList section */
		EB68CC751660F31A00083770 /* Build configuration list for PBXProject "ThreeBoard" */ = {
			isa = XCConfigurationList;
			buildConfigurations = (
				EB68CC9D1660F31A00083770 /* Debug */,
				EB68CC9E1660F31A00083770 /* Release */,
			);
			defaultConfigurationIsVisible = 0;
			defaultConfigurationName = Release;
		};
		EB68CC9F1660F31A00083770 /* Build configuration list for PBXNativeTarget "ThreeBoard" */ = {
			isa = XCConfigurationList;
			buildConfigurations = (
				EB68CCA01660F31A00083770 /* Debug */,
				EB68CCA11660F31A00083770 /* Release */,
			);
			defaultConfigurationIsVisible = 0;
			defaultConfigurationName = Release;
		};
/* End XCConfigurationList section */
	};
	rootObject = EB68CC721660F31A00083770 /* Project object */;
}
